// !$*UTF8*$!
{
	archiveVersion = 1;
	classes = {
	};
	objectVersion = 50;
	objects = {

/* Begin PBXBuildFile section */
		C678055F2410BF45007B7DA2 /* AppDelegate.swift in Sources */ = {isa = PBXBuildFile; fileRef = C678055E2410BF45007B7DA2 /* AppDelegate.swift */; };
		C67805612410BF45007B7DA2 /* SceneDelegate.swift in Sources */ = {isa = PBXBuildFile; fileRef = C67805602410BF45007B7DA2 /* SceneDelegate.swift */; };
		C67805652410BF46007B7DA2 /* Assets.xcassets in Resources */ = {isa = PBXBuildFile; fileRef = C67805642410BF46007B7DA2 /* Assets.xcassets */; };
		C67805682410BF46007B7DA2 /* Preview Assets.xcassets in Resources */ = {isa = PBXBuildFile; fileRef = C67805672410BF46007B7DA2 /* Preview Assets.xcassets */; };
		C678056B2410BF46007B7DA2 /* LaunchScreen.storyboard in Resources */ = {isa = PBXBuildFile; fileRef = C67805692410BF46007B7DA2 /* LaunchScreen.storyboard */; };
		C67805762410BF46007B7DA2 /* _4_CombineLoginProjectTests.swift in Sources */ = {isa = PBXBuildFile; fileRef = C67805752410BF46007B7DA2 /* _4_CombineLoginProjectTests.swift */; };
		C67805812410BF46007B7DA2 /* _4_CombineLoginProjectUITests.swift in Sources */ = {isa = PBXBuildFile; fileRef = C67805802410BF46007B7DA2 /* _4_CombineLoginProjectUITests.swift */; };
		C67805902410BFA4007B7DA2 /* UserViewModel.swift in Sources */ = {isa = PBXBuildFile; fileRef = C678058F2410BFA4007B7DA2 /* UserViewModel.swift */; };
		C67805922410C065007B7DA2 /* LoginView.swift in Sources */ = {isa = PBXBuildFile; fileRef = C67805912410C065007B7DA2 /* LoginView.swift */; };
/* End PBXBuildFile section */

/* Begin PBXContainerItemProxy section */
		C67805722410BF46007B7DA2 /* PBXContainerItemProxy */ = {
			isa = PBXContainerItemProxy;
			containerPortal = C67805532410BF45007B7DA2 /* Project object */;
			proxyType = 1;
			remoteGlobalIDString = C678055A2410BF45007B7DA2;
			remoteInfo = "24-CombineLoginProject";
		};
		C678057D2410BF46007B7DA2 /* PBXContainerItemProxy */ = {
			isa = PBXContainerItemProxy;
			containerPortal = C67805532410BF45007B7DA2 /* Project object */;
			proxyType = 1;
			remoteGlobalIDString = C678055A2410BF45007B7DA2;
			remoteInfo = "24-CombineLoginProject";
		};
/* End PBXContainerItemProxy section */

/* Begin PBXFileReference section */
		C678055B2410BF45007B7DA2 /* 24-CombineLoginProject.app */ = {isa = PBXFileReference; explicitFileType = wrapper.application; includeInIndex = 0; path = "24-CombineLoginProject.app"; sourceTree = BUILT_PRODUCTS_DIR; };
		C678055E2410BF45007B7DA2 /* AppDelegate.swift */ = {isa = PBXFileReference; lastKnownFileType = sourcecode.swift; path = AppDelegate.swift; sourceTree = "<group>"; };
		C67805602410BF45007B7DA2 /* SceneDelegate.swift */ = {isa = PBXFileReference; lastKnownFileType = sourcecode.swift; path = SceneDelegate.swift; sourceTree = "<group>"; };
		C67805642410BF46007B7DA2 /* Assets.xcassets */ = {isa = PBXFileReference; lastKnownFileType = folder.assetcatalog; path = Assets.xcassets; sourceTree = "<group>"; };
		C67805672410BF46007B7DA2 /* Preview Assets.xcassets */ = {isa = PBXFileReference; lastKnownFileType = folder.assetcatalog; path = "Preview Assets.xcassets"; sourceTree = "<group>"; };
		C678056A2410BF46007B7DA2 /* Base */ = {isa = PBXFileReference; lastKnownFileType = file.storyboard; name = Base; path = Base.lproj/LaunchScreen.storyboard; sourceTree = "<group>"; };
		C678056C2410BF46007B7DA2 /* Info.plist */ = {isa = PBXFileReference; lastKnownFileType = text.plist.xml; path = Info.plist; sourceTree = "<group>"; };
		C67805712410BF46007B7DA2 /* 24-CombineLoginProjectTests.xctest */ = {isa = PBXFileReference; explicitFileType = wrapper.cfbundle; includeInIndex = 0; path = "24-CombineLoginProjectTests.xctest"; sourceTree = BUILT_PRODUCTS_DIR; };
		C67805752410BF46007B7DA2 /* _4_CombineLoginProjectTests.swift */ = {isa = PBXFileReference; lastKnownFileType = sourcecode.swift; path = _4_CombineLoginProjectTests.swift; sourceTree = "<group>"; };
		C67805772410BF46007B7DA2 /* Info.plist */ = {isa = PBXFileReference; lastKnownFileType = text.plist.xml; path = Info.plist; sourceTree = "<group>"; };
		C678057C2410BF46007B7DA2 /* 24-CombineLoginProjectUITests.xctest */ = {isa = PBXFileReference; explicitFileType = wrapper.cfbundle; includeInIndex = 0; path = "24-CombineLoginProjectUITests.xctest"; sourceTree = BUILT_PRODUCTS_DIR; };
		C67805802410BF46007B7DA2 /* _4_CombineLoginProjectUITests.swift */ = {isa = PBXFileReference; lastKnownFileType = sourcecode.swift; path = _4_CombineLoginProjectUITests.swift; sourceTree = "<group>"; };
		C67805822410BF46007B7DA2 /* Info.plist */ = {isa = PBXFileReference; lastKnownFileType = text.plist.xml; path = Info.plist; sourceTree = "<group>"; };
		C678058F2410BFA4007B7DA2 /* UserViewModel.swift */ = {isa = PBXFileReference; lastKnownFileType = sourcecode.swift; path = UserViewModel.swift; sourceTree = "<group>"; };
		C67805912410C065007B7DA2 /* LoginView.swift */ = {isa = PBXFileReference; lastKnownFileType = sourcecode.swift; path = LoginView.swift; sourceTree = "<group>"; };
/* End PBXFileReference section */

/* Begin PBXFrameworksBuildPhase section */
		C67805582410BF45007B7DA2 /* Frameworks */ = {
			isa = PBXFrameworksBuildPhase;
			buildActionMask = 2147483647;
			files = (
			);
			runOnlyForDeploymentPostprocessing = 0;
		};
		C678056E2410BF46007B7DA2 /* Frameworks */ = {
			isa = PBXFrameworksBuildPhase;
			buildActionMask = 2147483647;
			files = (
			);
			runOnlyForDeploymentPostprocessing = 0;
		};
		C67805792410BF46007B7DA2 /* Frameworks */ = {
			isa = PBXFrameworksBuildPhase;
			buildActionMask = 2147483647;
			files = (
			);
			runOnlyForDeploymentPostprocessing = 0;
		};
/* End PBXFrameworksBuildPhase section */

/* Begin PBXGroup section */
		C67805522410BF45007B7DA2 = {
			isa = PBXGroup;
			children = (
				C678055D2410BF45007B7DA2 /* 24-CombineLoginProject */,
				C67805742410BF46007B7DA2 /* 24-CombineLoginProjectTests */,
				C678057F2410BF46007B7DA2 /* 24-CombineLoginProjectUITests */,
				C678055C2410BF45007B7DA2 /* Products */,
			);
			sourceTree = "<group>";
		};
		C678055C2410BF45007B7DA2 /* Products */ = {
			isa = PBXGroup;
			children = (
				C678055B2410BF45007B7DA2 /* 24-CombineLoginProject.app */,
				C67805712410BF46007B7DA2 /* 24-CombineLoginProjectTests.xctest */,
				C678057C2410BF46007B7DA2 /* 24-CombineLoginProjectUITests.xctest */,
			);
			name = Products;
			sourceTree = "<group>";
		};
		C678055D2410BF45007B7DA2 /* 24-CombineLoginProject */ = {
			isa = PBXGroup;
			children = (
				C678058E2410BF93007B7DA2 /* Login */,
				C678055E2410BF45007B7DA2 /* AppDelegate.swift */,
				C67805602410BF45007B7DA2 /* SceneDelegate.swift */,
				C67805642410BF46007B7DA2 /* Assets.xcassets */,
				C67805692410BF46007B7DA2 /* LaunchScreen.storyboard */,
				C678056C2410BF46007B7DA2 /* Info.plist */,
				C67805662410BF46007B7DA2 /* Preview Content */,
			);
			path = "24-CombineLoginProject";
			sourceTree = "<group>";
		};
		C67805662410BF46007B7DA2 /* Preview Content */ = {
			isa = PBXGroup;
			children = (
				C67805672410BF46007B7DA2 /* Preview Assets.xcassets */,
			);
			path = "Preview Content";
			sourceTree = "<group>";
		};
		C67805742410BF46007B7DA2 /* 24-CombineLoginProjectTests */ = {
			isa = PBXGroup;
			children = (
				C67805752410BF46007B7DA2 /* _4_CombineLoginProjectTests.swift */,
				C67805772410BF46007B7DA2 /* Info.plist */,
			);
			path = "24-CombineLoginProjectTests";
			sourceTree = "<group>";
		};
		C678057F2410BF46007B7DA2 /* 24-CombineLoginProjectUITests */ = {
			isa = PBXGroup;
			children = (
				C67805802410BF46007B7DA2 /* _4_CombineLoginProjectUITests.swift */,
				C67805822410BF46007B7DA2 /* Info.plist */,
			);
			path = "24-CombineLoginProjectUITests";
			sourceTree = "<group>";
		};
		C678058E2410BF93007B7DA2 /* Login */ = {
			isa = PBXGroup;
			children = (
				C678058F2410BFA4007B7DA2 /* UserViewModel.swift */,
				C67805912410C065007B7DA2 /* LoginView.swift */,
			);
			path = Login;
			sourceTree = "<group>";
		};
/* End PBXGroup section */

/* Begin PBXNativeTarget section */
		C678055A2410BF45007B7DA2 /* 24-CombineLoginProject */ = {
			isa = PBXNativeTarget;
			buildConfigurationList = C67805852410BF46007B7DA2 /* Build configuration list for PBXNativeTarget "24-CombineLoginProject" */;
			buildPhases = (
				C67805572410BF45007B7DA2 /* Sources */,
				C67805582410BF45007B7DA2 /* Frameworks */,
				C67805592410BF45007B7DA2 /* Resources */,
			);
			buildRules = (
			);
			dependencies = (
			);
			name = "24-CombineLoginProject";
			productName = "24-CombineLoginProject";
			productReference = C678055B2410BF45007B7DA2 /* 24-CombineLoginProject.app */;
			productType = "com.apple.product-type.application";
		};
		C67805702410BF46007B7DA2 /* 24-CombineLoginProjectTests */ = {
			isa = PBXNativeTarget;
			buildConfigurationList = C67805882410BF46007B7DA2 /* Build configuration list for PBXNativeTarget "24-CombineLoginProjectTests" */;
			buildPhases = (
				C678056D2410BF46007B7DA2 /* Sources */,
				C678056E2410BF46007B7DA2 /* Frameworks */,
				C678056F2410BF46007B7DA2 /* Resources */,
			);
			buildRules = (
			);
			dependencies = (
				C67805732410BF46007B7DA2 /* PBXTargetDependency */,
			);
			name = "24-CombineLoginProjectTests";
			productName = "24-CombineLoginProjectTests";
			productReference = C67805712410BF46007B7DA2 /* 24-CombineLoginProjectTests.xctest */;
			productType = "com.apple.product-type.bundle.unit-test";
		};
		C678057B2410BF46007B7DA2 /* 24-CombineLoginProjectUITests */ = {
			isa = PBXNativeTarget;
			buildConfigurationList = C678058B2410BF46007B7DA2 /* Build configuration list for PBXNativeTarget "24-CombineLoginProjectUITests" */;
			buildPhases = (
				C67805782410BF46007B7DA2 /* Sources */,
				C67805792410BF46007B7DA2 /* Frameworks */,
				C678057A2410BF46007B7DA2 /* Resources */,
			);
			buildRules = (
			);
			dependencies = (
				C678057E2410BF46007B7DA2 /* PBXTargetDependency */,
			);
			name = "24-CombineLoginProjectUITests";
			productName = "24-CombineLoginProjectUITests";
			productReference = C678057C2410BF46007B7DA2 /* 24-CombineLoginProjectUITests.xctest */;
			productType = "com.apple.product-type.bundle.ui-testing";
		};
/* End PBXNativeTarget section */

/* Begin PBXProject section */
		C67805532410BF45007B7DA2 /* Project object */ = {
			isa = PBXProject;
			attributes = {
				LastSwiftUpdateCheck = 1130;
				LastUpgradeCheck = 1130;
				ORGANIZATIONNAME = "Le Xuan Quynh";
				TargetAttributes = {
					C678055A2410BF45007B7DA2 = {
						CreatedOnToolsVersion = 11.3.1;
					};
					C67805702410BF46007B7DA2 = {
						CreatedOnToolsVersion = 11.3.1;
						TestTargetID = C678055A2410BF45007B7DA2;
					};
					C678057B2410BF46007B7DA2 = {
						CreatedOnToolsVersion = 11.3.1;
						TestTargetID = C678055A2410BF45007B7DA2;
					};
				};
			};
			buildConfigurationList = C67805562410BF45007B7DA2 /* Build configuration list for PBXProject "24-CombineLoginProject" */;
			compatibilityVersion = "Xcode 9.3";
			developmentRegion = en;
			hasScannedForEncodings = 0;
			knownRegions = (
				en,
				Base,
			);
			mainGroup = C67805522410BF45007B7DA2;
			productRefGroup = C678055C2410BF45007B7DA2 /* Products */;
			projectDirPath = "";
			projectRoot = "";
			targets = (
				C678055A2410BF45007B7DA2 /* 24-CombineLoginProject */,
				C67805702410BF46007B7DA2 /* 24-CombineLoginProjectTests */,
				C678057B2410BF46007B7DA2 /* 24-CombineLoginProjectUITests */,
			);
		};
/* End PBXProject section */

/* Begin PBXResourcesBuildPhase section */
		C67805592410BF45007B7DA2 /* Resources */ = {
			isa = PBXResourcesBuildPhase;
			buildActionMask = 2147483647;
			files = (
				C678056B2410BF46007B7DA2 /* LaunchScreen.storyboard in Resources */,
				C67805682410BF46007B7DA2 /* Preview Assets.xcassets in Resources */,
				C67805652410BF46007B7DA2 /* Assets.xcassets in Resources */,
			);
			runOnlyForDeploymentPostprocessing = 0;
		};
		C678056F2410BF46007B7DA2 /* Resources */ = {
			isa = PBXResourcesBuildPhase;
			buildActionMask = 2147483647;
			files = (
			);
			runOnlyForDeploymentPostprocessing = 0;
		};
		C678057A2410BF46007B7DA2 /* Resources */ = {
			isa = PBXResourcesBuildPhase;
			buildActionMask = 2147483647;
			files = (
			);
			runOnlyForDeploymentPostprocessing = 0;
		};
/* End PBXResourcesBuildPhase section */

/* Begin PBXSourcesBuildPhase section */
		C67805572410BF45007B7DA2 /* Sources */ = {
			isa = PBXSourcesBuildPhase;
			buildActionMask = 2147483647;
			files = (
				C678055F2410BF45007B7DA2 /* AppDelegate.swift in Sources */,
				C67805902410BFA4007B7DA2 /* UserViewModel.swift in Sources */,
				C67805612410BF45007B7DA2 /* SceneDelegate.swift in Sources */,
				C67805922410C065007B7DA2 /* LoginView.swift in Sources */,
			);
			runOnlyForDeploymentPostprocessing = 0;
		};
		C678056D2410BF46007B7DA2 /* Sources */ = {
			isa = PBXSourcesBuildPhase;
			buildActionMask = 2147483647;
			files = (
				C67805762410BF46007B7DA2 /* _4_CombineLoginProjectTests.swift in Sources */,
			);
			runOnlyForDeploymentPostprocessing = 0;
		};
		C67805782410BF46007B7DA2 /* Sources */ = {
			isa = PBXSourcesBuildPhase;
			buildActionMask = 2147483647;
			files = (
				C67805812410BF46007B7DA2 /* _4_CombineLoginProjectUITests.swift in Sources */,
			);
			runOnlyForDeploymentPostprocessing = 0;
		};
/* End PBXSourcesBuildPhase section */

/* Begin PBXTargetDependency section */
		C67805732410BF46007B7DA2 /* PBXTargetDependency */ = {
			isa = PBXTargetDependency;
			target = C678055A2410BF45007B7DA2 /* 24-CombineLoginProject */;
			targetProxy = C67805722410BF46007B7DA2 /* PBXContainerItemProxy */;
		};
		C678057E2410BF46007B7DA2 /* PBXTargetDependency */ = {
			isa = PBXTargetDependency;
			target = C678055A2410BF45007B7DA2 /* 24-CombineLoginProject */;
			targetProxy = C678057D2410BF46007B7DA2 /* PBXContainerItemProxy */;
		};
/* End PBXTargetDependency section */

/* Begin PBXVariantGroup section */
		C67805692410BF46007B7DA2 /* LaunchScreen.storyboard */ = {
			isa = PBXVariantGroup;
			children = (
				C678056A2410BF46007B7DA2 /* Base */,
			);
			name = LaunchScreen.storyboard;
			sourceTree = "<group>";
		};
/* End PBXVariantGroup section */

/* Begin XCBuildConfiguration section */
		C67805832410BF46007B7DA2 /* Debug */ = {
			isa = XCBuildConfiguration;
			buildSettings = {
				ALWAYS_SEARCH_USER_PATHS = NO;
				CLANG_ANALYZER_NONNULL = YES;
				CLANG_ANALYZER_NUMBER_OBJECT_CONVERSION = YES_AGGRESSIVE;
				CLANG_CXX_LANGUAGE_STANDARD = "gnu++14";
				CLANG_CXX_LIBRARY = "libc++";
				CLANG_ENABLE_MODULES = YES;
				CLANG_ENABLE_OBJC_ARC = YES;
				CLANG_ENABLE_OBJC_WEAK = YES;
				CLANG_WARN_BLOCK_CAPTURE_AUTORELEASING = YES;
				CLANG_WARN_BOOL_CONVERSION = YES;
				CLANG_WARN_COMMA = YES;
				CLANG_WARN_CONSTANT_CONVERSION = YES;
				CLANG_WARN_DEPRECATED_OBJC_IMPLEMENTATIONS = YES;
				CLANG_WARN_DIRECT_OBJC_ISA_USAGE = YES_ERROR;
				CLANG_WARN_DOCUMENTATION_COMMENTS = YES;
				CLANG_WARN_EMPTY_BODY = YES;
				CLANG_WARN_ENUM_CONVERSION = YES;
				CLANG_WARN_INFINITE_RECURSION = YES;
				CLANG_WARN_INT_CONVERSION = YES;
				CLANG_WARN_NON_LITERAL_NULL_CONVERSION = YES;
				CLANG_WARN_OBJC_IMPLICIT_RETAIN_SELF = YES;
				CLANG_WARN_OBJC_LITERAL_CONVERSION = YES;
				CLANG_WARN_OBJC_ROOT_CLASS = YES_ERROR;
				CLANG_WARN_RANGE_LOOP_ANALYSIS = YES;
				CLANG_WARN_STRICT_PROTOTYPES = YES;
				CLANG_WARN_SUSPICIOUS_MOVE = YES;
				CLANG_WARN_UNGUARDED_AVAILABILITY = YES_AGGRESSIVE;
				CLANG_WARN_UNREACHABLE_CODE = YES;
				CLANG_WARN__DUPLICATE_METHOD_MATCH = YES;
				COPY_PHASE_STRIP = NO;
				DEBUG_INFORMATION_FORMAT = dwarf;
				ENABLE_STRICT_OBJC_MSGSEND = YES;
				ENABLE_TESTABILITY = YES;
				GCC_C_LANGUAGE_STANDARD = gnu11;
				GCC_DYNAMIC_NO_PIC = NO;
				GCC_NO_COMMON_BLOCKS = YES;
				GCC_OPTIMIZATION_LEVEL = 0;
				GCC_PREPROCESSOR_DEFINITIONS = (
					"DEBUG=1",
					"$(inherited)",
				);
				GCC_WARN_64_TO_32_BIT_CONVERSION = YES;
				GCC_WARN_ABOUT_RETURN_TYPE = YES_ERROR;
				GCC_WARN_UNDECLARED_SELECTOR = YES;
				GCC_WARN_UNINITIALIZED_AUTOS = YES_AGGRESSIVE;
				GCC_WARN_UNUSED_FUNCTION = YES;
				GCC_WARN_UNUSED_VARIABLE = YES;
				IPHONEOS_DEPLOYMENT_TARGET = 13.2;
				MTL_ENABLE_DEBUG_INFO = INCLUDE_SOURCE;
				MTL_FAST_MATH = YES;
				ONLY_ACTIVE_ARCH = YES;
				SDKROOT = iphoneos;
				SWIFT_ACTIVE_COMPILATION_CONDITIONS = DEBUG;
				SWIFT_OPTIMIZATION_LEVEL = "-Onone";
			};
			name = Debug;
		};
		C67805842410BF46007B7DA2 /* Release */ = {
			isa = XCBuildConfiguration;
			buildSettings = {
				ALWAYS_SEARCH_USER_PATHS = NO;
				CLANG_ANALYZER_NONNULL = YES;
				CLANG_ANALYZER_NUMBER_OBJECT_CONVERSION = YES_AGGRESSIVE;
				CLANG_CXX_LANGUAGE_STANDARD = "gnu++14";
				CLANG_CXX_LIBRARY = "libc++";
				CLANG_ENABLE_MODULES = YES;
				CLANG_ENABLE_OBJC_ARC = YES;
				CLANG_ENABLE_OBJC_WEAK = YES;
				CLANG_WARN_BLOCK_CAPTURE_AUTORELEASING = YES;
				CLANG_WARN_BOOL_CONVERSION = YES;
				CLANG_WARN_COMMA = YES;
				CLANG_WARN_CONSTANT_CONVERSION = YES;
				CLANG_WARN_DEPRECATED_OBJC_IMPLEMENTATIONS = YES;
				CLANG_WARN_DIRECT_OBJC_ISA_USAGE = YES_ERROR;
				CLANG_WARN_DOCUMENTATION_COMMENTS = YES;
				CLANG_WARN_EMPTY_BODY = YES;
				CLANG_WARN_ENUM_CONVERSION = YES;
				CLANG_WARN_INFINITE_RECURSION = YES;
				CLANG_WARN_INT_CONVERSION = YES;
				CLANG_WARN_NON_LITERAL_NULL_CONVERSION = YES;
				CLANG_WARN_OBJC_IMPLICIT_RETAIN_SELF = YES;
				CLANG_WARN_OBJC_LITERAL_CONVERSION = YES;
				CLANG_WARN_OBJC_ROOT_CLASS = YES_ERROR;
				CLANG_WARN_RANGE_LOOP_ANALYSIS = YES;
				CLANG_WARN_STRICT_PROTOTYPES = YES;
				CLANG_WARN_SUSPICIOUS_MOVE = YES;
				CLANG_WARN_UNGUARDED_AVAILABILITY = YES_AGGRESSIVE;
				CLANG_WARN_UNREACHABLE_CODE = YES;
				CLANG_WARN__DUPLICATE_METHOD_MATCH = YES;
				COPY_PHASE_STRIP = NO;
				DEBUG_INFORMATION_FORMAT = "dwarf-with-dsym";
				ENABLE_NS_ASSERTIONS = NO;
				ENABLE_STRICT_OBJC_MSGSEND = YES;
				GCC_C_LANGUAGE_STANDARD = gnu11;
				GCC_NO_COMMON_BLOCKS = YES;
				GCC_WARN_64_TO_32_BIT_CONVERSION = YES;
				GCC_WARN_ABOUT_RETURN_TYPE = YES_ERROR;
				GCC_WARN_UNDECLARED_SELECTOR = YES;
				GCC_WARN_UNINITIALIZED_AUTOS = YES_AGGRESSIVE;
				GCC_WARN_UNUSED_FUNCTION = YES;
				GCC_WARN_UNUSED_VARIABLE = YES;
				IPHONEOS_DEPLOYMENT_TARGET = 13.2;
				MTL_ENABLE_DEBUG_INFO = NO;
				MTL_FAST_MATH = YES;
				SDKROOT = iphoneos;
				SWIFT_COMPILATION_MODE = wholemodule;
				SWIFT_OPTIMIZATION_LEVEL = "-O";
				VALIDATE_PRODUCT = YES;
			};
			name = Release;
		};
		C67805862410BF46007B7DA2 /* Debug */ = {
			isa = XCBuildConfiguration;
			buildSettings = {
				ASSETCATALOG_COMPILER_APPICON_NAME = AppIcon;
				CODE_SIGN_STYLE = Automatic;
				DEVELOPMENT_ASSET_PATHS = "\"24-CombineLoginProject/Preview Content\"";
				ENABLE_PREVIEWS = YES;
				INFOPLIST_FILE = "24-CombineLoginProject/Info.plist";
				LD_RUNPATH_SEARCH_PATHS = (
					"$(inherited)",
					"@executable_path/Frameworks",
				);
				PRODUCT_BUNDLE_IDENTIFIER = "quynhbkhn.-4-CombineLoginProject";
				PRODUCT_NAME = "$(TARGET_NAME)";
				SWIFT_VERSION = 5.0;
				TARGETED_DEVICE_FAMILY = "1,2";
			};
			name = Debug;
		};
		C67805872410BF46007B7DA2 /* Release */ = {
			isa = XCBuildConfiguration;
			buildSettings = {
				ASSETCATALOG_COMPILER_APPICON_NAME = AppIcon;
				CODE_SIGN_STYLE = Automatic;
				DEVELOPMENT_ASSET_PATHS = "\"24-CombineLoginProject/Preview Content\"";
				ENABLE_PREVIEWS = YES;
				INFOPLIST_FILE = "24-CombineLoginProject/Info.plist";
				LD_RUNPATH_SEARCH_PATHS = (
					"$(inherited)",
					"@executable_path/Frameworks",
				);
				PRODUCT_BUNDLE_IDENTIFIER = "quynhbkhn.-4-CombineLoginProject";
				PRODUCT_NAME = "$(TARGET_NAME)";
				SWIFT_VERSION = 5.0;
				TARGETED_DEVICE_FAMILY = "1,2";
			};
			name = Release;
		};
		C67805892410BF46007B7DA2 /* Debug */ = {
			isa = XCBuildConfiguration;
			buildSettings = {
				ALWAYS_EMBED_SWIFT_STANDARD_LIBRARIES = YES;
				BUNDLE_LOADER = "$(TEST_HOST)";
				CODE_SIGN_STYLE = Automatic;
				INFOPLIST_FILE = "24-CombineLoginProjectTests/Info.plist";
				IPHONEOS_DEPLOYMENT_TARGET = 13.2;
				LD_RUNPATH_SEARCH_PATHS = (
					"$(inherited)",
					"@executable_path/Frameworks",
					"@loader_path/Frameworks",
				);
				PRODUCT_BUNDLE_IDENTIFIER = "quynhbkhn.-4-CombineLoginProjectTests";
				PRODUCT_NAME = "$(TARGET_NAME)";
				SWIFT_VERSION = 5.0;
				TARGETED_DEVICE_FAMILY = "1,2";
				TEST_HOST = "$(BUILT_PRODUCTS_DIR)/24-CombineLoginProject.app/24-CombineLoginProject";
			};
			name = Debug;
		};
		C678058A2410BF46007B7DA2 /* Release */ = {
			isa = XCBuildConfiguration;
			buildSettings = {
				ALWAYS_EMBED_SWIFT_STANDARD_LIBRARIES = YES;
				BUNDLE_LOADER = "$(TEST_HOST)";
				CODE_SIGN_STYLE = Automatic;
				INFOPLIST_FILE = "24-CombineLoginProjectTests/Info.plist";
				IPHONEOS_DEPLOYMENT_TARGET = 13.2;
				LD_RUNPATH_SEARCH_PATHS = (
					"$(inherited)",
					"@executable_path/Frameworks",
					"@loader_path/Frameworks",
				);
				PRODUCT_BUNDLE_IDENTIFIER = "quynhbkhn.-4-CombineLoginProjectTests";
				PRODUCT_NAME = "$(TARGET_NAME)";
				SWIFT_VERSION = 5.0;
				TARGETED_DEVICE_FAMILY = "1,2";
				TEST_HOST = "$(BUILT_PRODUCTS_DIR)/24-CombineLoginProject.app/24-CombineLoginProject";
			};
			name = Release;
		};
		C678058C2410BF46007B7DA2 /* Debug */ = {
			isa = XCBuildConfiguration;
			buildSettings = {
				ALWAYS_EMBED_SWIFT_STANDARD_LIBRARIES = YES;
				CODE_SIGN_STYLE = Automatic;
				INFOPLIST_FILE = "24-CombineLoginProjectUITests/Info.plist";
				LD_RUNPATH_SEARCH_PATHS = (
					"$(inherited)",
					"@executable_path/Frameworks",
					"@loader_path/Frameworks",
				);
				PRODUCT_BUNDLE_IDENTIFIER = "quynhbkhn.-4-CombineLoginProjectUITests";
				PRODUCT_NAME = "$(TARGET_NAME)";
				SWIFT_VERSION = 5.0;
				TARGETED_DEVICE_FAMILY = "1,2";
				TEST_TARGET_NAME = "24-CombineLoginProject";
			};
			name = Debug;
		};
		C678058D2410BF46007B7DA2 /* Release */ = {
			isa = XCBuildConfiguration;
			buildSettings = {
				ALWAYS_EMBED_SWIFT_STANDARD_LIBRARIES = YES;
				CODE_SIGN_STYLE = Automatic;
				INFOPLIST_FILE = "24-CombineLoginProjectUITests/Info.plist";
				LD_RUNPATH_SEARCH_PATHS = (
					"$(inherited)",
					"@executable_path/Frameworks",
					"@loader_path/Frameworks",
				);
				PRODUCT_BUNDLE_IDENTIFIER = "quynhbkhn.-4-CombineLoginProjectUITests";
				PRODUCT_NAME = "$(TARGET_NAME)";
				SWIFT_VERSION = 5.0;
				TARGETED_DEVICE_FAMILY = "1,2";
				TEST_TARGET_NAME = "24-CombineLoginProject";
			};
			name = Release;
		};
/* End XCBuildConfiguration section */

/* Begin XCConfigurationList section */
		C67805562410BF45007B7DA2 /* Build configuration list for PBXProject "24-CombineLoginProject" */ = {
			isa = XCConfigurationList;
			buildConfigurations = (
				C67805832410BF46007B7DA2 /* Debug */,
				C67805842410BF46007B7DA2 /* Release */,
			);
			defaultConfigurationIsVisible = 0;
			defaultConfigurationName = Release;
		};
		C67805852410BF46007B7DA2 /* Build configuration list for PBXNativeTarget "24-CombineLoginProject" */ = {
			isa = XCConfigurationList;
			buildConfigurations = (
				C67805862410BF46007B7DA2 /* Debug */,
				C67805872410BF46007B7DA2 /* Release */,
			);
			defaultConfigurationIsVisible = 0;
			defaultConfigurationName = Release;
		};
		C67805882410BF46007B7DA2 /* Build configuration list for PBXNativeTarget "24-CombineLoginProjectTests" */ = {
			isa = XCConfigurationList;
			buildConfigurations = (
				C67805892410BF46007B7DA2 /* Debug */,
				C678058A2410BF46007B7DA2 /* Release */,
			);
			defaultConfigurationIsVisible = 0;
			defaultConfigurationName = Release;
		};
		C678058B2410BF46007B7DA2 /* Build configuration list for PBXNativeTarget "24-CombineLoginProjectUITests" */ = {
			isa = XCConfigurationList;
			buildConfigurations = (
				C678058C2410BF46007B7DA2 /* Debug */,
				C678058D2410BF46007B7DA2 /* Release */,
			);
			defaultConfigurationIsVisible = 0;
			defaultConfigurationName = Release;
		};
/* End XCConfigurationList section */
	};
	rootObject = C67805532410BF45007B7DA2 /* Project object */;
}
