// !$*UTF8*$!
{
	archiveVersion = 1;
	classes = {
	};
	objectVersion = 50;
	objects = {

/* Begin PBXBuildFile section */
		C6A1CEB423B056BE008329F7 /* AppDelegate.swift in Sources */ = {isa = PBXBuildFile; fileRef = C6A1CEB323B056BE008329F7 /* AppDelegate.swift */; };
		C6A1CEB623B056BE008329F7 /* SceneDelegate.swift in Sources */ = {isa = PBXBuildFile; fileRef = C6A1CEB523B056BE008329F7 /* SceneDelegate.swift */; };
		C6A1CEBA23B056BF008329F7 /* Assets.xcassets in Resources */ = {isa = PBXBuildFile; fileRef = C6A1CEB923B056BF008329F7 /* Assets.xcassets */; };
		C6A1CEBD23B056BF008329F7 /* Preview Assets.xcassets in Resources */ = {isa = PBXBuildFile; fileRef = C6A1CEBC23B056BF008329F7 /* Preview Assets.xcassets */; };
		C6A1CEC023B056BF008329F7 /* LaunchScreen.storyboard in Resources */ = {isa = PBXBuildFile; fileRef = C6A1CEBE23B056BF008329F7 /* LaunchScreen.storyboard */; };
		C6A1CECB23B056BF008329F7 /* _0_WeatherTests.swift in Sources */ = {isa = PBXBuildFile; fileRef = C6A1CECA23B056BF008329F7 /* _0_WeatherTests.swift */; };
		C6A1CED623B056BF008329F7 /* _0_WeatherUITests.swift in Sources */ = {isa = PBXBuildFile; fileRef = C6A1CED523B056BF008329F7 /* _0_WeatherUITests.swift */; };
		C6A1CEE523B056E3008329F7 /* Weather.swift in Sources */ = {isa = PBXBuildFile; fileRef = C6A1CEE423B056E3008329F7 /* Weather.swift */; };
		C6A1CEE723B05728008329F7 /* DailyWeather.swift in Sources */ = {isa = PBXBuildFile; fileRef = C6A1CEE623B05728008329F7 /* DailyWeather.swift */; };
		C6A1CEE923B0573F008329F7 /* HourlyWeather.swift in Sources */ = {isa = PBXBuildFile; fileRef = C6A1CEE823B0573F008329F7 /* HourlyWeather.swift */; };
		C6A1CEEC23B05790008329F7 /* WeatherManager.swift in Sources */ = {isa = PBXBuildFile; fileRef = C6A1CEEB23B05790008329F7 /* WeatherManager.swift */; };
		C6A1CEEE23B05803008329F7 /* City.swift in Sources */ = {isa = PBXBuildFile; fileRef = C6A1CEED23B05803008329F7 /* City.swift */; };
		C6A1CEF023B05868008329F7 /* CityStore.swift in Sources */ = {isa = PBXBuildFile; fileRef = C6A1CEEF23B05868008329F7 /* CityStore.swift */; };
		C6A1CEF323B0597A008329F7 /* CityListView.swift in Sources */ = {isa = PBXBuildFile; fileRef = C6A1CEF223B0597A008329F7 /* CityListView.swift */; };
		C6A1CEF523B05B34008329F7 /* CityView.swift in Sources */ = {isa = PBXBuildFile; fileRef = C6A1CEF423B05B34008329F7 /* CityView.swift */; };
		C6A1CEF723B05B5B008329F7 /* CityHeaderView.swift in Sources */ = {isa = PBXBuildFile; fileRef = C6A1CEF623B05B5B008329F7 /* CityHeaderView.swift */; };
		C6A1CEF923B05B71008329F7 /* CityHourlyView.swift in Sources */ = {isa = PBXBuildFile; fileRef = C6A1CEF823B05B71008329F7 /* CityHourlyView.swift */; };
		C6A1CEFB23B05B85008329F7 /* CityDailyView.swift in Sources */ = {isa = PBXBuildFile; fileRef = C6A1CEFA23B05B85008329F7 /* CityDailyView.swift */; };
		C6A1CEFD23B05BAF008329F7 /* CityFinder.swift in Sources */ = {isa = PBXBuildFile; fileRef = C6A1CEFC23B05BAF008329F7 /* CityFinder.swift */; };
		C6A1CEFF23B05BD5008329F7 /* NewCityView.swift in Sources */ = {isa = PBXBuildFile; fileRef = C6A1CEFE23B05BD5008329F7 /* NewCityView.swift */; };
/* End PBXBuildFile section */

/* Begin PBXContainerItemProxy section */
		C6A1CEC723B056BF008329F7 /* PBXContainerItemProxy */ = {
			isa = PBXContainerItemProxy;
			containerPortal = C6A1CEA823B056BE008329F7 /* Project object */;
			proxyType = 1;
			remoteGlobalIDString = C6A1CEAF23B056BE008329F7;
			remoteInfo = "10-Weather";
		};
		C6A1CED223B056BF008329F7 /* PBXContainerItemProxy */ = {
			isa = PBXContainerItemProxy;
			containerPortal = C6A1CEA823B056BE008329F7 /* Project object */;
			proxyType = 1;
			remoteGlobalIDString = C6A1CEAF23B056BE008329F7;
			remoteInfo = "10-Weather";
		};
/* End PBXContainerItemProxy section */

/* Begin PBXFileReference section */
		C6A1CEB023B056BE008329F7 /* 10-Weather.app */ = {isa = PBXFileReference; explicitFileType = wrapper.application; includeInIndex = 0; path = "10-Weather.app"; sourceTree = BUILT_PRODUCTS_DIR; };
		C6A1CEB323B056BE008329F7 /* AppDelegate.swift */ = {isa = PBXFileReference; lastKnownFileType = sourcecode.swift; path = AppDelegate.swift; sourceTree = "<group>"; };
		C6A1CEB523B056BE008329F7 /* SceneDelegate.swift */ = {isa = PBXFileReference; lastKnownFileType = sourcecode.swift; path = SceneDelegate.swift; sourceTree = "<group>"; };
		C6A1CEB923B056BF008329F7 /* Assets.xcassets */ = {isa = PBXFileReference; lastKnownFileType = folder.assetcatalog; path = Assets.xcassets; sourceTree = "<group>"; };
		C6A1CEBC23B056BF008329F7 /* Preview Assets.xcassets */ = {isa = PBXFileReference; lastKnownFileType = folder.assetcatalog; path = "Preview Assets.xcassets"; sourceTree = "<group>"; };
		C6A1CEBF23B056BF008329F7 /* Base */ = {isa = PBXFileReference; lastKnownFileType = file.storyboard; name = Base; path = Base.lproj/LaunchScreen.storyboard; sourceTree = "<group>"; };
		C6A1CEC123B056BF008329F7 /* Info.plist */ = {isa = PBXFileReference; lastKnownFileType = text.plist.xml; path = Info.plist; sourceTree = "<group>"; };
		C6A1CEC623B056BF008329F7 /* 10-WeatherTests.xctest */ = {isa = PBXFileReference; explicitFileType = wrapper.cfbundle; includeInIndex = 0; path = "10-WeatherTests.xctest"; sourceTree = BUILT_PRODUCTS_DIR; };
		C6A1CECA23B056BF008329F7 /* _0_WeatherTests.swift */ = {isa = PBXFileReference; lastKnownFileType = sourcecode.swift; path = _0_WeatherTests.swift; sourceTree = "<group>"; };
		C6A1CECC23B056BF008329F7 /* Info.plist */ = {isa = PBXFileReference; lastKnownFileType = text.plist.xml; path = Info.plist; sourceTree = "<group>"; };
		C6A1CED123B056BF008329F7 /* 10-WeatherUITests.xctest */ = {isa = PBXFileReference; explicitFileType = wrapper.cfbundle; includeInIndex = 0; path = "10-WeatherUITests.xctest"; sourceTree = BUILT_PRODUCTS_DIR; };
		C6A1CED523B056BF008329F7 /* _0_WeatherUITests.swift */ = {isa = PBXFileReference; lastKnownFileType = sourcecode.swift; path = _0_WeatherUITests.swift; sourceTree = "<group>"; };
		C6A1CED723B056BF008329F7 /* Info.plist */ = {isa = PBXFileReference; lastKnownFileType = text.plist.xml; path = Info.plist; sourceTree = "<group>"; };
		C6A1CEE423B056E3008329F7 /* Weather.swift */ = {isa = PBXFileReference; lastKnownFileType = sourcecode.swift; path = Weather.swift; sourceTree = "<group>"; };
		C6A1CEE623B05728008329F7 /* DailyWeather.swift */ = {isa = PBXFileReference; lastKnownFileType = sourcecode.swift; path = DailyWeather.swift; sourceTree = "<group>"; };
		C6A1CEE823B0573F008329F7 /* HourlyWeather.swift */ = {isa = PBXFileReference; lastKnownFileType = sourcecode.swift; path = HourlyWeather.swift; sourceTree = "<group>"; };
		C6A1CEEB23B05790008329F7 /* WeatherManager.swift */ = {isa = PBXFileReference; lastKnownFileType = sourcecode.swift; path = WeatherManager.swift; sourceTree = "<group>"; };
		C6A1CEED23B05803008329F7 /* City.swift */ = {isa = PBXFileReference; lastKnownFileType = sourcecode.swift; path = City.swift; sourceTree = "<group>"; };
		C6A1CEEF23B05868008329F7 /* CityStore.swift */ = {isa = PBXFileReference; lastKnownFileType = sourcecode.swift; path = CityStore.swift; sourceTree = "<group>"; };
		C6A1CEF223B0597A008329F7 /* CityListView.swift */ = {isa = PBXFileReference; lastKnownFileType = sourcecode.swift; path = CityListView.swift; sourceTree = "<group>"; };
		C6A1CEF423B05B34008329F7 /* CityView.swift */ = {isa = PBXFileReference; lastKnownFileType = sourcecode.swift; path = CityView.swift; sourceTree = "<group>"; };
		C6A1CEF623B05B5B008329F7 /* CityHeaderView.swift */ = {isa = PBXFileReference; lastKnownFileType = sourcecode.swift; path = CityHeaderView.swift; sourceTree = "<group>"; };
		C6A1CEF823B05B71008329F7 /* CityHourlyView.swift */ = {isa = PBXFileReference; lastKnownFileType = sourcecode.swift; path = CityHourlyView.swift; sourceTree = "<group>"; };
		C6A1CEFA23B05B85008329F7 /* CityDailyView.swift */ = {isa = PBXFileReference; lastKnownFileType = sourcecode.swift; path = CityDailyView.swift; sourceTree = "<group>"; };
		C6A1CEFC23B05BAF008329F7 /* CityFinder.swift */ = {isa = PBXFileReference; lastKnownFileType = sourcecode.swift; path = CityFinder.swift; sourceTree = "<group>"; };
		C6A1CEFE23B05BD5008329F7 /* NewCityView.swift */ = {isa = PBXFileReference; lastKnownFileType = sourcecode.swift; path = NewCityView.swift; sourceTree = "<group>"; };
/* End PBXFileReference section */

/* Begin PBXFrameworksBuildPhase section */
		C6A1CEAD23B056BE008329F7 /* Frameworks */ = {
			isa = PBXFrameworksBuildPhase;
			buildActionMask = 2147483647;
			files = (
			);
			runOnlyForDeploymentPostprocessing = 0;
		};
		C6A1CEC323B056BF008329F7 /* Frameworks */ = {
			isa = PBXFrameworksBuildPhase;
			buildActionMask = 2147483647;
			files = (
			);
			runOnlyForDeploymentPostprocessing = 0;
		};
		C6A1CECE23B056BF008329F7 /* Frameworks */ = {
			isa = PBXFrameworksBuildPhase;
			buildActionMask = 2147483647;
			files = (
			);
			runOnlyForDeploymentPostprocessing = 0;
		};
/* End PBXFrameworksBuildPhase section */

/* Begin PBXGroup section */
		C6A1CEA723B056BE008329F7 = {
			isa = PBXGroup;
			children = (
				C6A1CEB223B056BE008329F7 /* 10-Weather */,
				C6A1CEC923B056BF008329F7 /* 10-WeatherTests */,
				C6A1CED423B056BF008329F7 /* 10-WeatherUITests */,
				C6A1CEB123B056BE008329F7 /* Products */,
			);
			sourceTree = "<group>";
		};
		C6A1CEB123B056BE008329F7 /* Products */ = {
			isa = PBXGroup;
			children = (
				C6A1CEB023B056BE008329F7 /* 10-Weather.app */,
				C6A1CEC623B056BF008329F7 /* 10-WeatherTests.xctest */,
				C6A1CED123B056BF008329F7 /* 10-WeatherUITests.xctest */,
			);
			name = Products;
			sourceTree = "<group>";
		};
		C6A1CEB223B056BE008329F7 /* 10-Weather */ = {
			isa = PBXGroup;
			children = (
				C6A1CEF123B0596F008329F7 /* View */,
				C6A1CEEA23B05786008329F7 /* Manager */,
				C6A1CEE323B056D8008329F7 /* Models */,
				C6A1CEB323B056BE008329F7 /* AppDelegate.swift */,
				C6A1CEB523B056BE008329F7 /* SceneDelegate.swift */,
				C6A1CEB923B056BF008329F7 /* Assets.xcassets */,
				C6A1CEBE23B056BF008329F7 /* LaunchScreen.storyboard */,
				C6A1CEC123B056BF008329F7 /* Info.plist */,
				C6A1CEBB23B056BF008329F7 /* Preview Content */,
			);
			path = "10-Weather";
			sourceTree = "<group>";
		};
		C6A1CEBB23B056BF008329F7 /* Preview Content */ = {
			isa = PBXGroup;
			children = (
				C6A1CEBC23B056BF008329F7 /* Preview Assets.xcassets */,
			);
			path = "Preview Content";
			sourceTree = "<group>";
		};
		C6A1CEC923B056BF008329F7 /* 10-WeatherTests */ = {
			isa = PBXGroup;
			children = (
				C6A1CECA23B056BF008329F7 /* _0_WeatherTests.swift */,
				C6A1CECC23B056BF008329F7 /* Info.plist */,
			);
			path = "10-WeatherTests";
			sourceTree = "<group>";
		};
		C6A1CED423B056BF008329F7 /* 10-WeatherUITests */ = {
			isa = PBXGroup;
			children = (
				C6A1CED523B056BF008329F7 /* _0_WeatherUITests.swift */,
				C6A1CED723B056BF008329F7 /* Info.plist */,
			);
			path = "10-WeatherUITests";
			sourceTree = "<group>";
		};
		C6A1CEE323B056D8008329F7 /* Models */ = {
			isa = PBXGroup;
			children = (
				C6A1CEE423B056E3008329F7 /* Weather.swift */,
				C6A1CEED23B05803008329F7 /* City.swift */,
				C6A1CEE623B05728008329F7 /* DailyWeather.swift */,
				C6A1CEE823B0573F008329F7 /* HourlyWeather.swift */,
				C6A1CEEF23B05868008329F7 /* CityStore.swift */,
				C6A1CEFC23B05BAF008329F7 /* CityFinder.swift */,
			);
			path = Models;
			sourceTree = "<group>";
		};
		C6A1CEEA23B05786008329F7 /* Manager */ = {
			isa = PBXGroup;
			children = (
				C6A1CEEB23B05790008329F7 /* WeatherManager.swift */,
			);
			path = Manager;
			sourceTree = "<group>";
		};
		C6A1CEF123B0596F008329F7 /* View */ = {
			isa = PBXGroup;
			children = (
				C6A1CEF223B0597A008329F7 /* CityListView.swift */,
				C6A1CEF423B05B34008329F7 /* CityView.swift */,
				C6A1CEF623B05B5B008329F7 /* CityHeaderView.swift */,
				C6A1CEF823B05B71008329F7 /* CityHourlyView.swift */,
				C6A1CEFA23B05B85008329F7 /* CityDailyView.swift */,
				C6A1CEFE23B05BD5008329F7 /* NewCityView.swift */,
			);
			path = View;
			sourceTree = "<group>";
		};
/* End PBXGroup section */

/* Begin PBXNativeTarget section */
		C6A1CEAF23B056BE008329F7 /* 10-Weather */ = {
			isa = PBXNativeTarget;
			buildConfigurationList = C6A1CEDA23B056BF008329F7 /* Build configuration list for PBXNativeTarget "10-Weather" */;
			buildPhases = (
				C6A1CEAC23B056BE008329F7 /* Sources */,
				C6A1CEAD23B056BE008329F7 /* Frameworks */,
				C6A1CEAE23B056BE008329F7 /* Resources */,
			);
			buildRules = (
			);
			dependencies = (
			);
			name = "10-Weather";
			productName = "10-Weather";
			productReference = C6A1CEB023B056BE008329F7 /* 10-Weather.app */;
			productType = "com.apple.product-type.application";
		};
		C6A1CEC523B056BF008329F7 /* 10-WeatherTests */ = {
			isa = PBXNativeTarget;
			buildConfigurationList = C6A1CEDD23B056BF008329F7 /* Build configuration list for PBXNativeTarget "10-WeatherTests" */;
			buildPhases = (
				C6A1CEC223B056BF008329F7 /* Sources */,
				C6A1CEC323B056BF008329F7 /* Frameworks */,
				C6A1CEC423B056BF008329F7 /* Resources */,
			);
			buildRules = (
			);
			dependencies = (
				C6A1CEC823B056BF008329F7 /* PBXTargetDependency */,
			);
			name = "10-WeatherTests";
			productName = "10-WeatherTests";
			productReference = C6A1CEC623B056BF008329F7 /* 10-WeatherTests.xctest */;
			productType = "com.apple.product-type.bundle.unit-test";
		};
		C6A1CED023B056BF008329F7 /* 10-WeatherUITests */ = {
			isa = PBXNativeTarget;
			buildConfigurationList = C6A1CEE023B056BF008329F7 /* Build configuration list for PBXNativeTarget "10-WeatherUITests" */;
			buildPhases = (
				C6A1CECD23B056BF008329F7 /* Sources */,
				C6A1CECE23B056BF008329F7 /* Frameworks */,
				C6A1CECF23B056BF008329F7 /* Resources */,
			);
			buildRules = (
			);
			dependencies = (
				C6A1CED323B056BF008329F7 /* PBXTargetDependency */,
			);
			name = "10-WeatherUITests";
			productName = "10-WeatherUITests";
			productReference = C6A1CED123B056BF008329F7 /* 10-WeatherUITests.xctest */;
			productType = "com.apple.product-type.bundle.ui-testing";
		};
/* End PBXNativeTarget section */

/* Begin PBXProject section */
		C6A1CEA823B056BE008329F7 /* Project object */ = {
			isa = PBXProject;
			attributes = {
				LastSwiftUpdateCheck = 1130;
				LastUpgradeCheck = 1130;
				ORGANIZATIONNAME = "Le Xuan Quynh";
				TargetAttributes = {
					C6A1CEAF23B056BE008329F7 = {
						CreatedOnToolsVersion = 11.3;
					};
					C6A1CEC523B056BF008329F7 = {
						CreatedOnToolsVersion = 11.3;
						TestTargetID = C6A1CEAF23B056BE008329F7;
					};
					C6A1CED023B056BF008329F7 = {
						CreatedOnToolsVersion = 11.3;
						TestTargetID = C6A1CEAF23B056BE008329F7;
					};
				};
			};
			buildConfigurationList = C6A1CEAB23B056BE008329F7 /* Build configuration list for PBXProject "10-Weather" */;
			compatibilityVersion = "Xcode 9.3";
			developmentRegion = en;
			hasScannedForEncodings = 0;
			knownRegions = (
				en,
				Base,
			);
			mainGroup = C6A1CEA723B056BE008329F7;
			productRefGroup = C6A1CEB123B056BE008329F7 /* Products */;
			projectDirPath = "";
			projectRoot = "";
			targets = (
				C6A1CEAF23B056BE008329F7 /* 10-Weather */,
				C6A1CEC523B056BF008329F7 /* 10-WeatherTests */,
				C6A1CED023B056BF008329F7 /* 10-WeatherUITests */,
			);
		};
/* End PBXProject section */

/* Begin PBXResourcesBuildPhase section */
		C6A1CEAE23B056BE008329F7 /* Resources */ = {
			isa = PBXResourcesBuildPhase;
			buildActionMask = 2147483647;
			files = (
				C6A1CEC023B056BF008329F7 /* LaunchScreen.storyboard in Resources */,
				C6A1CEBD23B056BF008329F7 /* Preview Assets.xcassets in Resources */,
				C6A1CEBA23B056BF008329F7 /* Assets.xcassets in Resources */,
			);
			runOnlyForDeploymentPostprocessing = 0;
		};
		C6A1CEC423B056BF008329F7 /* Resources */ = {
			isa = PBXResourcesBuildPhase;
			buildActionMask = 2147483647;
			files = (
			);
			runOnlyForDeploymentPostprocessing = 0;
		};
		C6A1CECF23B056BF008329F7 /* Resources */ = {
			isa = PBXResourcesBuildPhase;
			buildActionMask = 2147483647;
			files = (
			);
			runOnlyForDeploymentPostprocessing = 0;
		};
/* End PBXResourcesBuildPhase section */

/* Begin PBXSourcesBuildPhase section */
		C6A1CEAC23B056BE008329F7 /* Sources */ = {
			isa = PBXSourcesBuildPhase;
			buildActionMask = 2147483647;
			files = (
				C6A1CEFF23B05BD5008329F7 /* NewCityView.swift in Sources */,
				C6A1CEE723B05728008329F7 /* DailyWeather.swift in Sources */,
				C6A1CEF523B05B34008329F7 /* CityView.swift in Sources */,
				C6A1CEF923B05B71008329F7 /* CityHourlyView.swift in Sources */,
				C6A1CEF323B0597A008329F7 /* CityListView.swift in Sources */,
				C6A1CEFD23B05BAF008329F7 /* CityFinder.swift in Sources */,
				C6A1CEF723B05B5B008329F7 /* CityHeaderView.swift in Sources */,
				C6A1CEE523B056E3008329F7 /* Weather.swift in Sources */,
				C6A1CEB423B056BE008329F7 /* AppDelegate.swift in Sources */,
				C6A1CEEC23B05790008329F7 /* WeatherManager.swift in Sources */,
				C6A1CEE923B0573F008329F7 /* HourlyWeather.swift in Sources */,
				C6A1CEB623B056BE008329F7 /* SceneDelegate.swift in Sources */,
				C6A1CEEE23B05803008329F7 /* City.swift in Sources */,
				C6A1CEFB23B05B85008329F7 /* CityDailyView.swift in Sources */,
				C6A1CEF023B05868008329F7 /* CityStore.swift in Sources */,
			);
			runOnlyForDeploymentPostprocessing = 0;
		};
		C6A1CEC223B056BF008329F7 /* Sources */ = {
			isa = PBXSourcesBuildPhase;
			buildActionMask = 2147483647;
			files = (
				C6A1CECB23B056BF008329F7 /* _0_WeatherTests.swift in Sources */,
			);
			runOnlyForDeploymentPostprocessing = 0;
		};
		C6A1CECD23B056BF008329F7 /* Sources */ = {
			isa = PBXSourcesBuildPhase;
			buildActionMask = 2147483647;
			files = (
				C6A1CED623B056BF008329F7 /* _0_WeatherUITests.swift in Sources */,
			);
			runOnlyForDeploymentPostprocessing = 0;
		};
/* End PBXSourcesBuildPhase section */

/* Begin PBXTargetDependency section */
		C6A1CEC823B056BF008329F7 /* PBXTargetDependency */ = {
			isa = PBXTargetDependency;
			target = C6A1CEAF23B056BE008329F7 /* 10-Weather */;
			targetProxy = C6A1CEC723B056BF008329F7 /* PBXContainerItemProxy */;
		};
		C6A1CED323B056BF008329F7 /* PBXTargetDependency */ = {
			isa = PBXTargetDependency;
			target = C6A1CEAF23B056BE008329F7 /* 10-Weather */;
			targetProxy = C6A1CED223B056BF008329F7 /* PBXContainerItemProxy */;
		};
/* End PBXTargetDependency section */

/* Begin PBXVariantGroup section */
		C6A1CEBE23B056BF008329F7 /* LaunchScreen.storyboard */ = {
			isa = PBXVariantGroup;
			children = (
				C6A1CEBF23B056BF008329F7 /* Base */,
			);
			name = LaunchScreen.storyboard;
			sourceTree = "<group>";
		};
/* End PBXVariantGroup section */

/* Begin XCBuildConfiguration section */
		C6A1CED823B056BF008329F7 /* Debug */ = {
			isa = XCBuildConfiguration;
			buildSettings = {
				ALWAYS_SEARCH_USER_PATHS = NO;
				CLANG_ANALYZER_NONNULL = YES;
				CLANG_ANALYZER_NUMBER_OBJECT_CONVERSION = YES_AGGRESSIVE;
				CLANG_CXX_LANGUAGE_STANDARD = "gnu++14";
				CLANG_CXX_LIBRARY = "libc++";
				CLANG_ENABLE_MODULES = YES;
				CLANG_ENABLE_OBJC_ARC = YES;
				CLANG_ENABLE_OBJC_WEAK = YES;
				CLANG_WARN_BLOCK_CAPTURE_AUTORELEASING = YES;
				CLANG_WARN_BOOL_CONVERSION = YES;
				CLANG_WARN_COMMA = YES;
				CLANG_WARN_CONSTANT_CONVERSION = YES;
				CLANG_WARN_DEPRECATED_OBJC_IMPLEMENTATIONS = YES;
				CLANG_WARN_DIRECT_OBJC_ISA_USAGE = YES_ERROR;
				CLANG_WARN_DOCUMENTATION_COMMENTS = YES;
				CLANG_WARN_EMPTY_BODY = YES;
				CLANG_WARN_ENUM_CONVERSION = YES;
				CLANG_WARN_INFINITE_RECURSION = YES;
				CLANG_WARN_INT_CONVERSION = YES;
				CLANG_WARN_NON_LITERAL_NULL_CONVERSION = YES;
				CLANG_WARN_OBJC_IMPLICIT_RETAIN_SELF = YES;
				CLANG_WARN_OBJC_LITERAL_CONVERSION = YES;
				CLANG_WARN_OBJC_ROOT_CLASS = YES_ERROR;
				CLANG_WARN_RANGE_LOOP_ANALYSIS = YES;
				CLANG_WARN_STRICT_PROTOTYPES = YES;
				CLANG_WARN_SUSPICIOUS_MOVE = YES;
				CLANG_WARN_UNGUARDED_AVAILABILITY = YES_AGGRESSIVE;
				CLANG_WARN_UNREACHABLE_CODE = YES;
				CLANG_WARN__DUPLICATE_METHOD_MATCH = YES;
				COPY_PHASE_STRIP = NO;
				DEBUG_INFORMATION_FORMAT = dwarf;
				ENABLE_STRICT_OBJC_MSGSEND = YES;
				ENABLE_TESTABILITY = YES;
				GCC_C_LANGUAGE_STANDARD = gnu11;
				GCC_DYNAMIC_NO_PIC = NO;
				GCC_NO_COMMON_BLOCKS = YES;
				GCC_OPTIMIZATION_LEVEL = 0;
				GCC_PREPROCESSOR_DEFINITIONS = (
					"DEBUG=1",
					"$(inherited)",
				);
				GCC_WARN_64_TO_32_BIT_CONVERSION = YES;
				GCC_WARN_ABOUT_RETURN_TYPE = YES_ERROR;
				GCC_WARN_UNDECLARED_SELECTOR = YES;
				GCC_WARN_UNINITIALIZED_AUTOS = YES_AGGRESSIVE;
				GCC_WARN_UNUSED_FUNCTION = YES;
				GCC_WARN_UNUSED_VARIABLE = YES;
				IPHONEOS_DEPLOYMENT_TARGET = 13.2;
				MTL_ENABLE_DEBUG_INFO = INCLUDE_SOURCE;
				MTL_FAST_MATH = YES;
				ONLY_ACTIVE_ARCH = YES;
				SDKROOT = iphoneos;
				SWIFT_ACTIVE_COMPILATION_CONDITIONS = DEBUG;
				SWIFT_OPTIMIZATION_LEVEL = "-Onone";
			};
			name = Debug;
		};
		C6A1CED923B056BF008329F7 /* Release */ = {
			isa = XCBuildConfiguration;
			buildSettings = {
				ALWAYS_SEARCH_USER_PATHS = NO;
				CLANG_ANALYZER_NONNULL = YES;
				CLANG_ANALYZER_NUMBER_OBJECT_CONVERSION = YES_AGGRESSIVE;
				CLANG_CXX_LANGUAGE_STANDARD = "gnu++14";
				CLANG_CXX_LIBRARY = "libc++";
				CLANG_ENABLE_MODULES = YES;
				CLANG_ENABLE_OBJC_ARC = YES;
				CLANG_ENABLE_OBJC_WEAK = YES;
				CLANG_WARN_BLOCK_CAPTURE_AUTORELEASING = YES;
				CLANG_WARN_BOOL_CONVERSION = YES;
				CLANG_WARN_COMMA = YES;
				CLANG_WARN_CONSTANT_CONVERSION = YES;
				CLANG_WARN_DEPRECATED_OBJC_IMPLEMENTATIONS = YES;
				CLANG_WARN_DIRECT_OBJC_ISA_USAGE = YES_ERROR;
				CLANG_WARN_DOCUMENTATION_COMMENTS = YES;
				CLANG_WARN_EMPTY_BODY = YES;
				CLANG_WARN_ENUM_CONVERSION = YES;
				CLANG_WARN_INFINITE_RECURSION = YES;
				CLANG_WARN_INT_CONVERSION = YES;
				CLANG_WARN_NON_LITERAL_NULL_CONVERSION = YES;
				CLANG_WARN_OBJC_IMPLICIT_RETAIN_SELF = YES;
				CLANG_WARN_OBJC_LITERAL_CONVERSION = YES;
				CLANG_WARN_OBJC_ROOT_CLASS = YES_ERROR;
				CLANG_WARN_RANGE_LOOP_ANALYSIS = YES;
				CLANG_WARN_STRICT_PROTOTYPES = YES;
				CLANG_WARN_SUSPICIOUS_MOVE = YES;
				CLANG_WARN_UNGUARDED_AVAILABILITY = YES_AGGRESSIVE;
				CLANG_WARN_UNREACHABLE_CODE = YES;
				CLANG_WARN__DUPLICATE_METHOD_MATCH = YES;
				COPY_PHASE_STRIP = NO;
				DEBUG_INFORMATION_FORMAT = "dwarf-with-dsym";
				ENABLE_NS_ASSERTIONS = NO;
				ENABLE_STRICT_OBJC_MSGSEND = YES;
				GCC_C_LANGUAGE_STANDARD = gnu11;
				GCC_NO_COMMON_BLOCKS = YES;
				GCC_WARN_64_TO_32_BIT_CONVERSION = YES;
				GCC_WARN_ABOUT_RETURN_TYPE = YES_ERROR;
				GCC_WARN_UNDECLARED_SELECTOR = YES;
				GCC_WARN_UNINITIALIZED_AUTOS = YES_AGGRESSIVE;
				GCC_WARN_UNUSED_FUNCTION = YES;
				GCC_WARN_UNUSED_VARIABLE = YES;
				IPHONEOS_DEPLOYMENT_TARGET = 13.2;
				MTL_ENABLE_DEBUG_INFO = NO;
				MTL_FAST_MATH = YES;
				SDKROOT = iphoneos;
				SWIFT_COMPILATION_MODE = wholemodule;
				SWIFT_OPTIMIZATION_LEVEL = "-O";
				VALIDATE_PRODUCT = YES;
			};
			name = Release;
		};
		C6A1CEDB23B056BF008329F7 /* Debug */ = {
			isa = XCBuildConfiguration;
			buildSettings = {
				ASSETCATALOG_COMPILER_APPICON_NAME = AppIcon;
				CODE_SIGN_STYLE = Automatic;
				DEVELOPMENT_ASSET_PATHS = "\"10-Weather/Preview Content\"";
				ENABLE_PREVIEWS = YES;
				INFOPLIST_FILE = "10-Weather/Info.plist";
				LD_RUNPATH_SEARCH_PATHS = (
					"$(inherited)",
					"@executable_path/Frameworks",
				);
				PRODUCT_BUNDLE_IDENTIFIER = "quynhbkhn.-0-Weather";
				PRODUCT_NAME = "$(TARGET_NAME)";
				SWIFT_VERSION = 5.0;
				TARGETED_DEVICE_FAMILY = "1,2";
			};
			name = Debug;
		};
		C6A1CEDC23B056BF008329F7 /* Release */ = {
			isa = XCBuildConfiguration;
			buildSettings = {
				ASSETCATALOG_COMPILER_APPICON_NAME = AppIcon;
				CODE_SIGN_STYLE = Automatic;
				DEVELOPMENT_ASSET_PATHS = "\"10-Weather/Preview Content\"";
				ENABLE_PREVIEWS = YES;
				INFOPLIST_FILE = "10-Weather/Info.plist";
				LD_RUNPATH_SEARCH_PATHS = (
					"$(inherited)",
					"@executable_path/Frameworks",
				);
				PRODUCT_BUNDLE_IDENTIFIER = "quynhbkhn.-0-Weather";
				PRODUCT_NAME = "$(TARGET_NAME)";
				SWIFT_VERSION = 5.0;
				TARGETED_DEVICE_FAMILY = "1,2";
			};
			name = Release;
		};
		C6A1CEDE23B056BF008329F7 /* Debug */ = {
			isa = XCBuildConfiguration;
			buildSettings = {
				ALWAYS_EMBED_SWIFT_STANDARD_LIBRARIES = YES;
				BUNDLE_LOADER = "$(TEST_HOST)";
				CODE_SIGN_STYLE = Automatic;
				INFOPLIST_FILE = "10-WeatherTests/Info.plist";
				IPHONEOS_DEPLOYMENT_TARGET = 13.2;
				LD_RUNPATH_SEARCH_PATHS = (
					"$(inherited)",
					"@executable_path/Frameworks",
					"@loader_path/Frameworks",
				);
				PRODUCT_BUNDLE_IDENTIFIER = "quynhbkhn.-0-WeatherTests";
				PRODUCT_NAME = "$(TARGET_NAME)";
				SWIFT_VERSION = 5.0;
				TARGETED_DEVICE_FAMILY = "1,2";
				TEST_HOST = "$(BUILT_PRODUCTS_DIR)/10-Weather.app/10-Weather";
			};
			name = Debug;
		};
		C6A1CEDF23B056BF008329F7 /* Release */ = {
			isa = XCBuildConfiguration;
			buildSettings = {
				ALWAYS_EMBED_SWIFT_STANDARD_LIBRARIES = YES;
				BUNDLE_LOADER = "$(TEST_HOST)";
				CODE_SIGN_STYLE = Automatic;
				INFOPLIST_FILE = "10-WeatherTests/Info.plist";
				IPHONEOS_DEPLOYMENT_TARGET = 13.2;
				LD_RUNPATH_SEARCH_PATHS = (
					"$(inherited)",
					"@executable_path/Frameworks",
					"@loader_path/Frameworks",
				);
				PRODUCT_BUNDLE_IDENTIFIER = "quynhbkhn.-0-WeatherTests";
				PRODUCT_NAME = "$(TARGET_NAME)";
				SWIFT_VERSION = 5.0;
				TARGETED_DEVICE_FAMILY = "1,2";
				TEST_HOST = "$(BUILT_PRODUCTS_DIR)/10-Weather.app/10-Weather";
			};
			name = Release;
		};
		C6A1CEE123B056BF008329F7 /* Debug */ = {
			isa = XCBuildConfiguration;
			buildSettings = {
				ALWAYS_EMBED_SWIFT_STANDARD_LIBRARIES = YES;
				CODE_SIGN_STYLE = Automatic;
				INFOPLIST_FILE = "10-WeatherUITests/Info.plist";
				LD_RUNPATH_SEARCH_PATHS = (
					"$(inherited)",
					"@executable_path/Frameworks",
					"@loader_path/Frameworks",
				);
				PRODUCT_BUNDLE_IDENTIFIER = "quynhbkhn.-0-WeatherUITests";
				PRODUCT_NAME = "$(TARGET_NAME)";
				SWIFT_VERSION = 5.0;
				TARGETED_DEVICE_FAMILY = "1,2";
				TEST_TARGET_NAME = "10-Weather";
			};
			name = Debug;
		};
		C6A1CEE223B056BF008329F7 /* Release */ = {
			isa = XCBuildConfiguration;
			buildSettings = {
				ALWAYS_EMBED_SWIFT_STANDARD_LIBRARIES = YES;
				CODE_SIGN_STYLE = Automatic;
				INFOPLIST_FILE = "10-WeatherUITests/Info.plist";
				LD_RUNPATH_SEARCH_PATHS = (
					"$(inherited)",
					"@executable_path/Frameworks",
					"@loader_path/Frameworks",
				);
				PRODUCT_BUNDLE_IDENTIFIER = "quynhbkhn.-0-WeatherUITests";
				PRODUCT_NAME = "$(TARGET_NAME)";
				SWIFT_VERSION = 5.0;
				TARGETED_DEVICE_FAMILY = "1,2";
				TEST_TARGET_NAME = "10-Weather";
			};
			name = Release;
		};
/* End XCBuildConfiguration section */

/* Begin XCConfigurationList section */
		C6A1CEAB23B056BE008329F7 /* Build configuration list for PBXProject "10-Weather" */ = {
			isa = XCConfigurationList;
			buildConfigurations = (
				C6A1CED823B056BF008329F7 /* Debug */,
				C6A1CED923B056BF008329F7 /* Release */,
			);
			defaultConfigurationIsVisible = 0;
			defaultConfigurationName = Release;
		};
		C6A1CEDA23B056BF008329F7 /* Build configuration list for PBXNativeTarget "10-Weather" */ = {
			isa = XCConfigurationList;
			buildConfigurations = (
				C6A1CEDB23B056BF008329F7 /* Debug */,
				C6A1CEDC23B056BF008329F7 /* Release */,
			);
			defaultConfigurationIsVisible = 0;
			defaultConfigurationName = Release;
		};
		C6A1CEDD23B056BF008329F7 /* Build configuration list for PBXNativeTarget "10-WeatherTests" */ = {
			isa = XCConfigurationList;
			buildConfigurations = (
				C6A1CEDE23B056BF008329F7 /* Debug */,
				C6A1CEDF23B056BF008329F7 /* Release */,
			);
			defaultConfigurationIsVisible = 0;
			defaultConfigurationName = Release;
		};
		C6A1CEE023B056BF008329F7 /* Build configuration list for PBXNativeTarget "10-WeatherUITests" */ = {
			isa = XCConfigurationList;
			buildConfigurations = (
				C6A1CEE123B056BF008329F7 /* Debug */,
				C6A1CEE223B056BF008329F7 /* Release */,
			);
			defaultConfigurationIsVisible = 0;
			defaultConfigurationName = Release;
		};
/* End XCConfigurationList section */
	};
	rootObject = C6A1CEA823B056BE008329F7 /* Project object */;
}
