// !$*UTF8*$!
{
	archiveVersion = 1;
	classes = {
	};
	objectVersion = 50;
	objects = {

/* Begin PBXBuildFile section */
		C6A1CE7823B04820008329F7 /* AppDelegate.swift in Sources */ = {isa = PBXBuildFile; fileRef = C6A1CE7723B04820008329F7 /* AppDelegate.swift */; };
		C6A1CE7A23B04820008329F7 /* SceneDelegate.swift in Sources */ = {isa = PBXBuildFile; fileRef = C6A1CE7923B04820008329F7 /* SceneDelegate.swift */; };
		C6A1CE7C23B04820008329F7 /* ContentView.swift in Sources */ = {isa = PBXBuildFile; fileRef = C6A1CE7B23B04820008329F7 /* ContentView.swift */; };
		C6A1CE7E23B04821008329F7 /* Assets.xcassets in Resources */ = {isa = PBXBuildFile; fileRef = C6A1CE7D23B04821008329F7 /* Assets.xcassets */; };
		C6A1CE8123B04821008329F7 /* Preview Assets.xcassets in Resources */ = {isa = PBXBuildFile; fileRef = C6A1CE8023B04821008329F7 /* Preview Assets.xcassets */; };
		C6A1CE8423B04821008329F7 /* LaunchScreen.storyboard in Resources */ = {isa = PBXBuildFile; fileRef = C6A1CE8223B04821008329F7 /* LaunchScreen.storyboard */; };
		C6A1CE8F23B04821008329F7 /* __FormFillTests.swift in Sources */ = {isa = PBXBuildFile; fileRef = C6A1CE8E23B04821008329F7 /* __FormFillTests.swift */; };
		C6A1CE9A23B04821008329F7 /* __FormFillUITests.swift in Sources */ = {isa = PBXBuildFile; fileRef = C6A1CE9923B04821008329F7 /* __FormFillUITests.swift */; };
/* End PBXBuildFile section */

/* Begin PBXContainerItemProxy section */
		C6A1CE8B23B04821008329F7 /* PBXContainerItemProxy */ = {
			isa = PBXContainerItemProxy;
			containerPortal = C6A1CE6C23B04820008329F7 /* Project object */;
			proxyType = 1;
			remoteGlobalIDString = C6A1CE7323B04820008329F7;
			remoteInfo = "9-FormFill";
		};
		C6A1CE9623B04821008329F7 /* PBXContainerItemProxy */ = {
			isa = PBXContainerItemProxy;
			containerPortal = C6A1CE6C23B04820008329F7 /* Project object */;
			proxyType = 1;
			remoteGlobalIDString = C6A1CE7323B04820008329F7;
			remoteInfo = "9-FormFill";
		};
/* End PBXContainerItemProxy section */

/* Begin PBXFileReference section */
		C6A1CE7423B04820008329F7 /* 9-FormFill.app */ = {isa = PBXFileReference; explicitFileType = wrapper.application; includeInIndex = 0; path = "9-FormFill.app"; sourceTree = BUILT_PRODUCTS_DIR; };
		C6A1CE7723B04820008329F7 /* AppDelegate.swift */ = {isa = PBXFileReference; lastKnownFileType = sourcecode.swift; path = AppDelegate.swift; sourceTree = "<group>"; };
		C6A1CE7923B04820008329F7 /* SceneDelegate.swift */ = {isa = PBXFileReference; lastKnownFileType = sourcecode.swift; path = SceneDelegate.swift; sourceTree = "<group>"; };
		C6A1CE7B23B04820008329F7 /* ContentView.swift */ = {isa = PBXFileReference; lastKnownFileType = sourcecode.swift; path = ContentView.swift; sourceTree = "<group>"; };
		C6A1CE7D23B04821008329F7 /* Assets.xcassets */ = {isa = PBXFileReference; lastKnownFileType = folder.assetcatalog; path = Assets.xcassets; sourceTree = "<group>"; };
		C6A1CE8023B04821008329F7 /* Preview Assets.xcassets */ = {isa = PBXFileReference; lastKnownFileType = folder.assetcatalog; path = "Preview Assets.xcassets"; sourceTree = "<group>"; };
		C6A1CE8323B04821008329F7 /* Base */ = {isa = PBXFileReference; lastKnownFileType = file.storyboard; name = Base; path = Base.lproj/LaunchScreen.storyboard; sourceTree = "<group>"; };
		C6A1CE8523B04821008329F7 /* Info.plist */ = {isa = PBXFileReference; lastKnownFileType = text.plist.xml; path = Info.plist; sourceTree = "<group>"; };
		C6A1CE8A23B04821008329F7 /* 9-FormFillTests.xctest */ = {isa = PBXFileReference; explicitFileType = wrapper.cfbundle; includeInIndex = 0; path = "9-FormFillTests.xctest"; sourceTree = BUILT_PRODUCTS_DIR; };
		C6A1CE8E23B04821008329F7 /* __FormFillTests.swift */ = {isa = PBXFileReference; lastKnownFileType = sourcecode.swift; path = __FormFillTests.swift; sourceTree = "<group>"; };
		C6A1CE9023B04821008329F7 /* Info.plist */ = {isa = PBXFileReference; lastKnownFileType = text.plist.xml; path = Info.plist; sourceTree = "<group>"; };
		C6A1CE9523B04821008329F7 /* 9-FormFillUITests.xctest */ = {isa = PBXFileReference; explicitFileType = wrapper.cfbundle; includeInIndex = 0; path = "9-FormFillUITests.xctest"; sourceTree = BUILT_PRODUCTS_DIR; };
		C6A1CE9923B04821008329F7 /* __FormFillUITests.swift */ = {isa = PBXFileReference; lastKnownFileType = sourcecode.swift; path = __FormFillUITests.swift; sourceTree = "<group>"; };
		C6A1CE9B23B04821008329F7 /* Info.plist */ = {isa = PBXFileReference; lastKnownFileType = text.plist.xml; path = Info.plist; sourceTree = "<group>"; };
/* End PBXFileReference section */

/* Begin PBXFrameworksBuildPhase section */
		C6A1CE7123B04820008329F7 /* Frameworks */ = {
			isa = PBXFrameworksBuildPhase;
			buildActionMask = 2147483647;
			files = (
			);
			runOnlyForDeploymentPostprocessing = 0;
		};
		C6A1CE8723B04821008329F7 /* Frameworks */ = {
			isa = PBXFrameworksBuildPhase;
			buildActionMask = 2147483647;
			files = (
			);
			runOnlyForDeploymentPostprocessing = 0;
		};
		C6A1CE9223B04821008329F7 /* Frameworks */ = {
			isa = PBXFrameworksBuildPhase;
			buildActionMask = 2147483647;
			files = (
			);
			runOnlyForDeploymentPostprocessing = 0;
		};
/* End PBXFrameworksBuildPhase section */

/* Begin PBXGroup section */
		C6A1CE6B23B04820008329F7 = {
			isa = PBXGroup;
			children = (
				C6A1CE7623B04820008329F7 /* 9-FormFill */,
				C6A1CE8D23B04821008329F7 /* 9-FormFillTests */,
				C6A1CE9823B04821008329F7 /* 9-FormFillUITests */,
				C6A1CE7523B04820008329F7 /* Products */,
			);
			sourceTree = "<group>";
		};
		C6A1CE7523B04820008329F7 /* Products */ = {
			isa = PBXGroup;
			children = (
				C6A1CE7423B04820008329F7 /* 9-FormFill.app */,
				C6A1CE8A23B04821008329F7 /* 9-FormFillTests.xctest */,
				C6A1CE9523B04821008329F7 /* 9-FormFillUITests.xctest */,
			);
			name = Products;
			sourceTree = "<group>";
		};
		C6A1CE7623B04820008329F7 /* 9-FormFill */ = {
			isa = PBXGroup;
			children = (
				C6A1CE7723B04820008329F7 /* AppDelegate.swift */,
				C6A1CE7923B04820008329F7 /* SceneDelegate.swift */,
				C6A1CE7B23B04820008329F7 /* ContentView.swift */,
				C6A1CE7D23B04821008329F7 /* Assets.xcassets */,
				C6A1CE8223B04821008329F7 /* LaunchScreen.storyboard */,
				C6A1CE8523B04821008329F7 /* Info.plist */,
				C6A1CE7F23B04821008329F7 /* Preview Content */,
			);
			path = "9-FormFill";
			sourceTree = "<group>";
		};
		C6A1CE7F23B04821008329F7 /* Preview Content */ = {
			isa = PBXGroup;
			children = (
				C6A1CE8023B04821008329F7 /* Preview Assets.xcassets */,
			);
			path = "Preview Content";
			sourceTree = "<group>";
		};
		C6A1CE8D23B04821008329F7 /* 9-FormFillTests */ = {
			isa = PBXGroup;
			children = (
				C6A1CE8E23B04821008329F7 /* __FormFillTests.swift */,
				C6A1CE9023B04821008329F7 /* Info.plist */,
			);
			path = "9-FormFillTests";
			sourceTree = "<group>";
		};
		C6A1CE9823B04821008329F7 /* 9-FormFillUITests */ = {
			isa = PBXGroup;
			children = (
				C6A1CE9923B04821008329F7 /* __FormFillUITests.swift */,
				C6A1CE9B23B04821008329F7 /* Info.plist */,
			);
			path = "9-FormFillUITests";
			sourceTree = "<group>";
		};
/* End PBXGroup section */

/* Begin PBXNativeTarget section */
		C6A1CE7323B04820008329F7 /* 9-FormFill */ = {
			isa = PBXNativeTarget;
			buildConfigurationList = C6A1CE9E23B04821008329F7 /* Build configuration list for PBXNativeTarget "9-FormFill" */;
			buildPhases = (
				C6A1CE7023B04820008329F7 /* Sources */,
				C6A1CE7123B04820008329F7 /* Frameworks */,
				C6A1CE7223B04820008329F7 /* Resources */,
			);
			buildRules = (
			);
			dependencies = (
			);
			name = "9-FormFill";
			productName = "9-FormFill";
			productReference = C6A1CE7423B04820008329F7 /* 9-FormFill.app */;
			productType = "com.apple.product-type.application";
		};
		C6A1CE8923B04821008329F7 /* 9-FormFillTests */ = {
			isa = PBXNativeTarget;
			buildConfigurationList = C6A1CEA123B04821008329F7 /* Build configuration list for PBXNativeTarget "9-FormFillTests" */;
			buildPhases = (
				C6A1CE8623B04821008329F7 /* Sources */,
				C6A1CE8723B04821008329F7 /* Frameworks */,
				C6A1CE8823B04821008329F7 /* Resources */,
			);
			buildRules = (
			);
			dependencies = (
				C6A1CE8C23B04821008329F7 /* PBXTargetDependency */,
			);
			name = "9-FormFillTests";
			productName = "9-FormFillTests";
			productReference = C6A1CE8A23B04821008329F7 /* 9-FormFillTests.xctest */;
			productType = "com.apple.product-type.bundle.unit-test";
		};
		C6A1CE9423B04821008329F7 /* 9-FormFillUITests */ = {
			isa = PBXNativeTarget;
			buildConfigurationList = C6A1CEA423B04821008329F7 /* Build configuration list for PBXNativeTarget "9-FormFillUITests" */;
			buildPhases = (
				C6A1CE9123B04821008329F7 /* Sources */,
				C6A1CE9223B04821008329F7 /* Frameworks */,
				C6A1CE9323B04821008329F7 /* Resources */,
			);
			buildRules = (
			);
			dependencies = (
				C6A1CE9723B04821008329F7 /* PBXTargetDependency */,
			);
			name = "9-FormFillUITests";
			productName = "9-FormFillUITests";
			productReference = C6A1CE9523B04821008329F7 /* 9-FormFillUITests.xctest */;
			productType = "com.apple.product-type.bundle.ui-testing";
		};
/* End PBXNativeTarget section */

/* Begin PBXProject section */
		C6A1CE6C23B04820008329F7 /* Project object */ = {
			isa = PBXProject;
			attributes = {
				LastSwiftUpdateCheck = 1130;
				LastUpgradeCheck = 1130;
				ORGANIZATIONNAME = "Le Xuan Quynh";
				TargetAttributes = {
					C6A1CE7323B04820008329F7 = {
						CreatedOnToolsVersion = 11.3;
					};
					C6A1CE8923B04821008329F7 = {
						CreatedOnToolsVersion = 11.3;
						TestTargetID = C6A1CE7323B04820008329F7;
					};
					C6A1CE9423B04821008329F7 = {
						CreatedOnToolsVersion = 11.3;
						TestTargetID = C6A1CE7323B04820008329F7;
					};
				};
			};
			buildConfigurationList = C6A1CE6F23B04820008329F7 /* Build configuration list for PBXProject "9-FormFill" */;
			compatibilityVersion = "Xcode 9.3";
			developmentRegion = en;
			hasScannedForEncodings = 0;
			knownRegions = (
				en,
				Base,
			);
			mainGroup = C6A1CE6B23B04820008329F7;
			productRefGroup = C6A1CE7523B04820008329F7 /* Products */;
			projectDirPath = "";
			projectRoot = "";
			targets = (
				C6A1CE7323B04820008329F7 /* 9-FormFill */,
				C6A1CE8923B04821008329F7 /* 9-FormFillTests */,
				C6A1CE9423B04821008329F7 /* 9-FormFillUITests */,
			);
		};
/* End PBXProject section */

/* Begin PBXResourcesBuildPhase section */
		C6A1CE7223B04820008329F7 /* Resources */ = {
			isa = PBXResourcesBuildPhase;
			buildActionMask = 2147483647;
			files = (
				C6A1CE8423B04821008329F7 /* LaunchScreen.storyboard in Resources */,
				C6A1CE8123B04821008329F7 /* Preview Assets.xcassets in Resources */,
				C6A1CE7E23B04821008329F7 /* Assets.xcassets in Resources */,
			);
			runOnlyForDeploymentPostprocessing = 0;
		};
		C6A1CE8823B04821008329F7 /* Resources */ = {
			isa = PBXResourcesBuildPhase;
			buildActionMask = 2147483647;
			files = (
			);
			runOnlyForDeploymentPostprocessing = 0;
		};
		C6A1CE9323B04821008329F7 /* Resources */ = {
			isa = PBXResourcesBuildPhase;
			buildActionMask = 2147483647;
			files = (
			);
			runOnlyForDeploymentPostprocessing = 0;
		};
/* End PBXResourcesBuildPhase section */

/* Begin PBXSourcesBuildPhase section */
		C6A1CE7023B04820008329F7 /* Sources */ = {
			isa = PBXSourcesBuildPhase;
			buildActionMask = 2147483647;
			files = (
				C6A1CE7823B04820008329F7 /* AppDelegate.swift in Sources */,
				C6A1CE7A23B04820008329F7 /* SceneDelegate.swift in Sources */,
				C6A1CE7C23B04820008329F7 /* ContentView.swift in Sources */,
			);
			runOnlyForDeploymentPostprocessing = 0;
		};
		C6A1CE8623B04821008329F7 /* Sources */ = {
			isa = PBXSourcesBuildPhase;
			buildActionMask = 2147483647;
			files = (
				C6A1CE8F23B04821008329F7 /* __FormFillTests.swift in Sources */,
			);
			runOnlyForDeploymentPostprocessing = 0;
		};
		C6A1CE9123B04821008329F7 /* Sources */ = {
			isa = PBXSourcesBuildPhase;
			buildActionMask = 2147483647;
			files = (
				C6A1CE9A23B04821008329F7 /* __FormFillUITests.swift in Sources */,
			);
			runOnlyForDeploymentPostprocessing = 0;
		};
/* End PBXSourcesBuildPhase section */

/* Begin PBXTargetDependency section */
		C6A1CE8C23B04821008329F7 /* PBXTargetDependency */ = {
			isa = PBXTargetDependency;
			target = C6A1CE7323B04820008329F7 /* 9-FormFill */;
			targetProxy = C6A1CE8B23B04821008329F7 /* PBXContainerItemProxy */;
		};
		C6A1CE9723B04821008329F7 /* PBXTargetDependency */ = {
			isa = PBXTargetDependency;
			target = C6A1CE7323B04820008329F7 /* 9-FormFill */;
			targetProxy = C6A1CE9623B04821008329F7 /* PBXContainerItemProxy */;
		};
/* End PBXTargetDependency section */

/* Begin PBXVariantGroup section */
		C6A1CE8223B04821008329F7 /* LaunchScreen.storyboard */ = {
			isa = PBXVariantGroup;
			children = (
				C6A1CE8323B04821008329F7 /* Base */,
			);
			name = LaunchScreen.storyboard;
			sourceTree = "<group>";
		};
/* End PBXVariantGroup section */

/* Begin XCBuildConfiguration section */
		C6A1CE9C23B04821008329F7 /* Debug */ = {
			isa = XCBuildConfiguration;
			buildSettings = {
				ALWAYS_SEARCH_USER_PATHS = NO;
				CLANG_ANALYZER_NONNULL = YES;
				CLANG_ANALYZER_NUMBER_OBJECT_CONVERSION = YES_AGGRESSIVE;
				CLANG_CXX_LANGUAGE_STANDARD = "gnu++14";
				CLANG_CXX_LIBRARY = "libc++";
				CLANG_ENABLE_MODULES = YES;
				CLANG_ENABLE_OBJC_ARC = YES;
				CLANG_ENABLE_OBJC_WEAK = YES;
				CLANG_WARN_BLOCK_CAPTURE_AUTORELEASING = YES;
				CLANG_WARN_BOOL_CONVERSION = YES;
				CLANG_WARN_COMMA = YES;
				CLANG_WARN_CONSTANT_CONVERSION = YES;
				CLANG_WARN_DEPRECATED_OBJC_IMPLEMENTATIONS = YES;
				CLANG_WARN_DIRECT_OBJC_ISA_USAGE = YES_ERROR;
				CLANG_WARN_DOCUMENTATION_COMMENTS = YES;
				CLANG_WARN_EMPTY_BODY = YES;
				CLANG_WARN_ENUM_CONVERSION = YES;
				CLANG_WARN_INFINITE_RECURSION = YES;
				CLANG_WARN_INT_CONVERSION = YES;
				CLANG_WARN_NON_LITERAL_NULL_CONVERSION = YES;
				CLANG_WARN_OBJC_IMPLICIT_RETAIN_SELF = YES;
				CLANG_WARN_OBJC_LITERAL_CONVERSION = YES;
				CLANG_WARN_OBJC_ROOT_CLASS = YES_ERROR;
				CLANG_WARN_RANGE_LOOP_ANALYSIS = YES;
				CLANG_WARN_STRICT_PROTOTYPES = YES;
				CLANG_WARN_SUSPICIOUS_MOVE = YES;
				CLANG_WARN_UNGUARDED_AVAILABILITY = YES_AGGRESSIVE;
				CLANG_WARN_UNREACHABLE_CODE = YES;
				CLANG_WARN__DUPLICATE_METHOD_MATCH = YES;
				COPY_PHASE_STRIP = NO;
				DEBUG_INFORMATION_FORMAT = dwarf;
				ENABLE_STRICT_OBJC_MSGSEND = YES;
				ENABLE_TESTABILITY = YES;
				GCC_C_LANGUAGE_STANDARD = gnu11;
				GCC_DYNAMIC_NO_PIC = NO;
				GCC_NO_COMMON_BLOCKS = YES;
				GCC_OPTIMIZATION_LEVEL = 0;
				GCC_PREPROCESSOR_DEFINITIONS = (
					"DEBUG=1",
					"$(inherited)",
				);
				GCC_WARN_64_TO_32_BIT_CONVERSION = YES;
				GCC_WARN_ABOUT_RETURN_TYPE = YES_ERROR;
				GCC_WARN_UNDECLARED_SELECTOR = YES;
				GCC_WARN_UNINITIALIZED_AUTOS = YES_AGGRESSIVE;
				GCC_WARN_UNUSED_FUNCTION = YES;
				GCC_WARN_UNUSED_VARIABLE = YES;
				IPHONEOS_DEPLOYMENT_TARGET = 13.2;
				MTL_ENABLE_DEBUG_INFO = INCLUDE_SOURCE;
				MTL_FAST_MATH = YES;
				ONLY_ACTIVE_ARCH = YES;
				SDKROOT = iphoneos;
				SWIFT_ACTIVE_COMPILATION_CONDITIONS = DEBUG;
				SWIFT_OPTIMIZATION_LEVEL = "-Onone";
			};
			name = Debug;
		};
		C6A1CE9D23B04821008329F7 /* Release */ = {
			isa = XCBuildConfiguration;
			buildSettings = {
				ALWAYS_SEARCH_USER_PATHS = NO;
				CLANG_ANALYZER_NONNULL = YES;
				CLANG_ANALYZER_NUMBER_OBJECT_CONVERSION = YES_AGGRESSIVE;
				CLANG_CXX_LANGUAGE_STANDARD = "gnu++14";
				CLANG_CXX_LIBRARY = "libc++";
				CLANG_ENABLE_MODULES = YES;
				CLANG_ENABLE_OBJC_ARC = YES;
				CLANG_ENABLE_OBJC_WEAK = YES;
				CLANG_WARN_BLOCK_CAPTURE_AUTORELEASING = YES;
				CLANG_WARN_BOOL_CONVERSION = YES;
				CLANG_WARN_COMMA = YES;
				CLANG_WARN_CONSTANT_CONVERSION = YES;
				CLANG_WARN_DEPRECATED_OBJC_IMPLEMENTATIONS = YES;
				CLANG_WARN_DIRECT_OBJC_ISA_USAGE = YES_ERROR;
				CLANG_WARN_DOCUMENTATION_COMMENTS = YES;
				CLANG_WARN_EMPTY_BODY = YES;
				CLANG_WARN_ENUM_CONVERSION = YES;
				CLANG_WARN_INFINITE_RECURSION = YES;
				CLANG_WARN_INT_CONVERSION = YES;
				CLANG_WARN_NON_LITERAL_NULL_CONVERSION = YES;
				CLANG_WARN_OBJC_IMPLICIT_RETAIN_SELF = YES;
				CLANG_WARN_OBJC_LITERAL_CONVERSION = YES;
				CLANG_WARN_OBJC_ROOT_CLASS = YES_ERROR;
				CLANG_WARN_RANGE_LOOP_ANALYSIS = YES;
				CLANG_WARN_STRICT_PROTOTYPES = YES;
				CLANG_WARN_SUSPICIOUS_MOVE = YES;
				CLANG_WARN_UNGUARDED_AVAILABILITY = YES_AGGRESSIVE;
				CLANG_WARN_UNREACHABLE_CODE = YES;
				CLANG_WARN__DUPLICATE_METHOD_MATCH = YES;
				COPY_PHASE_STRIP = NO;
				DEBUG_INFORMATION_FORMAT = "dwarf-with-dsym";
				ENABLE_NS_ASSERTIONS = NO;
				ENABLE_STRICT_OBJC_MSGSEND = YES;
				GCC_C_LANGUAGE_STANDARD = gnu11;
				GCC_NO_COMMON_BLOCKS = YES;
				GCC_WARN_64_TO_32_BIT_CONVERSION = YES;
				GCC_WARN_ABOUT_RETURN_TYPE = YES_ERROR;
				GCC_WARN_UNDECLARED_SELECTOR = YES;
				GCC_WARN_UNINITIALIZED_AUTOS = YES_AGGRESSIVE;
				GCC_WARN_UNUSED_FUNCTION = YES;
				GCC_WARN_UNUSED_VARIABLE = YES;
				IPHONEOS_DEPLOYMENT_TARGET = 13.2;
				MTL_ENABLE_DEBUG_INFO = NO;
				MTL_FAST_MATH = YES;
				SDKROOT = iphoneos;
				SWIFT_COMPILATION_MODE = wholemodule;
				SWIFT_OPTIMIZATION_LEVEL = "-O";
				VALIDATE_PRODUCT = YES;
			};
			name = Release;
		};
		C6A1CE9F23B04821008329F7 /* Debug */ = {
			isa = XCBuildConfiguration;
			buildSettings = {
				ASSETCATALOG_COMPILER_APPICON_NAME = AppIcon;
				CODE_SIGN_STYLE = Automatic;
				DEVELOPMENT_ASSET_PATHS = "\"9-FormFill/Preview Content\"";
				ENABLE_PREVIEWS = YES;
				INFOPLIST_FILE = "9-FormFill/Info.plist";
				LD_RUNPATH_SEARCH_PATHS = (
					"$(inherited)",
					"@executable_path/Frameworks",
				);
				PRODUCT_BUNDLE_IDENTIFIER = "quynhbkhn.--FormFill";
				PRODUCT_NAME = "$(TARGET_NAME)";
				SWIFT_VERSION = 5.0;
				TARGETED_DEVICE_FAMILY = "1,2";
			};
			name = Debug;
		};
		C6A1CEA023B04821008329F7 /* Release */ = {
			isa = XCBuildConfiguration;
			buildSettings = {
				ASSETCATALOG_COMPILER_APPICON_NAME = AppIcon;
				CODE_SIGN_STYLE = Automatic;
				DEVELOPMENT_ASSET_PATHS = "\"9-FormFill/Preview Content\"";
				ENABLE_PREVIEWS = YES;
				INFOPLIST_FILE = "9-FormFill/Info.plist";
				LD_RUNPATH_SEARCH_PATHS = (
					"$(inherited)",
					"@executable_path/Frameworks",
				);
				PRODUCT_BUNDLE_IDENTIFIER = "quynhbkhn.--FormFill";
				PRODUCT_NAME = "$(TARGET_NAME)";
				SWIFT_VERSION = 5.0;
				TARGETED_DEVICE_FAMILY = "1,2";
			};
			name = Release;
		};
		C6A1CEA223B04821008329F7 /* Debug */ = {
			isa = XCBuildConfiguration;
			buildSettings = {
				ALWAYS_EMBED_SWIFT_STANDARD_LIBRARIES = YES;
				BUNDLE_LOADER = "$(TEST_HOST)";
				CODE_SIGN_STYLE = Automatic;
				INFOPLIST_FILE = "9-FormFillTests/Info.plist";
				IPHONEOS_DEPLOYMENT_TARGET = 13.2;
				LD_RUNPATH_SEARCH_PATHS = (
					"$(inherited)",
					"@executable_path/Frameworks",
					"@loader_path/Frameworks",
				);
				PRODUCT_BUNDLE_IDENTIFIER = "quynhbkhn.--FormFillTests";
				PRODUCT_NAME = "$(TARGET_NAME)";
				SWIFT_VERSION = 5.0;
				TARGETED_DEVICE_FAMILY = "1,2";
				TEST_HOST = "$(BUILT_PRODUCTS_DIR)/9-FormFill.app/9-FormFill";
			};
			name = Debug;
		};
		C6A1CEA323B04821008329F7 /* Release */ = {
			isa = XCBuildConfiguration;
			buildSettings = {
				ALWAYS_EMBED_SWIFT_STANDARD_LIBRARIES = YES;
				BUNDLE_LOADER = "$(TEST_HOST)";
				CODE_SIGN_STYLE = Automatic;
				INFOPLIST_FILE = "9-FormFillTests/Info.plist";
				IPHONEOS_DEPLOYMENT_TARGET = 13.2;
				LD_RUNPATH_SEARCH_PATHS = (
					"$(inherited)",
					"@executable_path/Frameworks",
					"@loader_path/Frameworks",
				);
				PRODUCT_BUNDLE_IDENTIFIER = "quynhbkhn.--FormFillTests";
				PRODUCT_NAME = "$(TARGET_NAME)";
				SWIFT_VERSION = 5.0;
				TARGETED_DEVICE_FAMILY = "1,2";
				TEST_HOST = "$(BUILT_PRODUCTS_DIR)/9-FormFill.app/9-FormFill";
			};
			name = Release;
		};
		C6A1CEA523B04821008329F7 /* Debug */ = {
			isa = XCBuildConfiguration;
			buildSettings = {
				ALWAYS_EMBED_SWIFT_STANDARD_LIBRARIES = YES;
				CODE_SIGN_STYLE = Automatic;
				INFOPLIST_FILE = "9-FormFillUITests/Info.plist";
				LD_RUNPATH_SEARCH_PATHS = (
					"$(inherited)",
					"@executable_path/Frameworks",
					"@loader_path/Frameworks",
				);
				PRODUCT_BUNDLE_IDENTIFIER = "quynhbkhn.--FormFillUITests";
				PRODUCT_NAME = "$(TARGET_NAME)";
				SWIFT_VERSION = 5.0;
				TARGETED_DEVICE_FAMILY = "1,2";
				TEST_TARGET_NAME = "9-FormFill";
			};
			name = Debug;
		};
		C6A1CEA623B04821008329F7 /* Release */ = {
			isa = XCBuildConfiguration;
			buildSettings = {
				ALWAYS_EMBED_SWIFT_STANDARD_LIBRARIES = YES;
				CODE_SIGN_STYLE = Automatic;
				INFOPLIST_FILE = "9-FormFillUITests/Info.plist";
				LD_RUNPATH_SEARCH_PATHS = (
					"$(inherited)",
					"@executable_path/Frameworks",
					"@loader_path/Frameworks",
				);
				PRODUCT_BUNDLE_IDENTIFIER = "quynhbkhn.--FormFillUITests";
				PRODUCT_NAME = "$(TARGET_NAME)";
				SWIFT_VERSION = 5.0;
				TARGETED_DEVICE_FAMILY = "1,2";
				TEST_TARGET_NAME = "9-FormFill";
			};
			name = Release;
		};
/* End XCBuildConfiguration section */

/* Begin XCConfigurationList section */
		C6A1CE6F23B04820008329F7 /* Build configuration list for PBXProject "9-FormFill" */ = {
			isa = XCConfigurationList;
			buildConfigurations = (
				C6A1CE9C23B04821008329F7 /* Debug */,
				C6A1CE9D23B04821008329F7 /* Release */,
			);
			defaultConfigurationIsVisible = 0;
			defaultConfigurationName = Release;
		};
		C6A1CE9E23B04821008329F7 /* Build configuration list for PBXNativeTarget "9-FormFill" */ = {
			isa = XCConfigurationList;
			buildConfigurations = (
				C6A1CE9F23B04821008329F7 /* Debug */,
				C6A1CEA023B04821008329F7 /* Release */,
			);
			defaultConfigurationIsVisible = 0;
			defaultConfigurationName = Release;
		};
		C6A1CEA123B04821008329F7 /* Build configuration list for PBXNativeTarget "9-FormFillTests" */ = {
			isa = XCConfigurationList;
			buildConfigurations = (
				C6A1CEA223B04821008329F7 /* Debug */,
				C6A1CEA323B04821008329F7 /* Release */,
			);
			defaultConfigurationIsVisible = 0;
			defaultConfigurationName = Release;
		};
		C6A1CEA423B04821008329F7 /* Build configuration list for PBXNativeTarget "9-FormFillUITests" */ = {
			isa = XCConfigurationList;
			buildConfigurations = (
				C6A1CEA523B04821008329F7 /* Debug */,
				C6A1CEA623B04821008329F7 /* Release */,
			);
			defaultConfigurationIsVisible = 0;
			defaultConfigurationName = Release;
		};
/* End XCConfigurationList section */
	};
	rootObject = C6A1CE6C23B04820008329F7 /* Project object */;
}
